// !$*UTF8*$!
{
	archiveVersion = 1;
	classes = {
	};
	objectVersion = 39;
	objects = {
		089C1669FE841209C02AAC07 = {
			buildSettings = {
			};
			buildStyles = (
				4F9091AC011F3BD104CA0E50,
				4F9091AD011F3BD104CA0E50,
			);
			hasScannedForEncodings = 1;
			isa = PBXProject;
			mainGroup = 089C166AFE841209C02AAC07;
			projectDirPath = "";
			targets = (
				8D01CCC60486CAD60068D4B7,
			);
		};
		089C166AFE841209C02AAC07 = {
			children = (
				08FB77ADFE841716C02AAC07,
				089C167CFE841241C02AAC07,
				089C1671FE841209C02AAC07,
				19C28FB4FE9D528D11CA2CBB,
			);
			isa = PBXGroup;
			name = SooperLooperAU;
			refType = 4;
			sourceTree = "<group>";
		};
		089C1671FE841209C02AAC07 = {
			children = (
				886245A408B8E4F3003959C6,
				8855A6F508B59DE600B1396A,
				888AC6DA087E2C7C001F80AD,
				8819351A0878E7CA008C28C2,
				881935180878E7A0008C28C2,
				881935140878E77D008C28C2,
				881935120878E75A008C28C2,
				881935060878E5D0008C28C2,
				881935020878E594008C28C2,
				881935000878E55F008C28C2,
				881934F80878E4F4008C28C2,
				881934F20878E48B008C28C2,
				8B5C7F83076FB26000A15F61,
				8BA05B01072074F900365D66,
				8BA05AF9072074E100365D66,
				8BA05AFA072074E100365D66,
				08EA7FFBFE8413EDC02AAC07,
			);
			isa = PBXGroup;
			name = "External Frameworks and Libraries";
			refType = 4;
			sourceTree = "<group>";
		};
		089C167CFE841241C02AAC07 = {
			children = (
				880FCEBB0877364D004384B4,
				8D01CCD10486CAD60068D4B7,
				089C167DFE841241C02AAC07,
			);
			isa = PBXGroup;
			path = Resources;
			refType = 4;
			sourceTree = "<group>";
		};
		089C167DFE841241C02AAC07 = {
			children = (
				089C167EFE841241C02AAC07,
			);
			isa = PBXVariantGroup;
			name = InfoPlist.strings;
			refType = 4;
			sourceTree = "<group>";
		};
		089C167EFE841241C02AAC07 = {
			fileEncoding = 10;
			isa = PBXFileReference;
			lastKnownFileType = text.plist.strings;
			name = English;
			path = English.lproj/InfoPlist.strings;
			refType = 4;
			sourceTree = "<group>";
		};
		08EA7FFBFE8413EDC02AAC07 = {
			isa = PBXFileReference;
			lastKnownFileType = wrapper.framework;
			name = Carbon.framework;
			path = /System/Library/Frameworks/Carbon.framework;
			refType = 0;
			sourceTree = "<absolute>";
		};
		08FB77ADFE841716C02AAC07 = {
			children = (
				888AC5500879C646001F80AD,
				8BA05A56072072A900365D66,
				8B27DB55083B129900A18321,
				8BA05AEB0720742700365D66,
				8BA05A7D072073D200365D66,
				32BAE0B30371A71500C91783,
			);
			isa = PBXGroup;
			path = Source;
			refType = 4;
			sourceTree = "<group>";
		};
//080
//081
//082
//083
//084
//190
//191
//192
//193
//194
		19C28FB4FE9D528D11CA2CBB = {
			children = (
				8D01CCD20486CAD60068D4B7,
			);
			isa = PBXGroup;
			name = Products;
			refType = 4;
			sourceTree = "<group>";
		};
//190
//191
//192
//193
//194
//320
//321
//322
//323
//324
		32BAE0B30371A71500C91783 = {
			fileEncoding = 4;
			isa = PBXFileReference;
			lastKnownFileType = sourcecode.c.h;
			path = SooperLooperAU_Prefix.pch;
			refType = 4;
			sourceTree = "<group>";
		};
//320
//321
//322
//323
//324
//4F0
//4F1
//4F2
//4F3
//4F4
		4F9091AC011F3BD104CA0E50 = {
			buildSettings = {
				COPY_PHASE_STRIP = NO;
				DEBUGGING_SYMBOLS = YES;
				GCC_DYNAMIC_NO_PIC = NO;
				GCC_ENABLE_FIX_AND_CONTINUE = YES;
				GCC_GENERATE_DEBUGGING_SYMBOLS = YES;
				GCC_OPTIMIZATION_LEVEL = 0;
				OPTIMIZATION_CFLAGS = "-O0";
				ZERO_LINK = NO;
			};
			isa = PBXBuildStyle;
			name = Development;
		};
		4F9091AD011F3BD104CA0E50 = {
			buildSettings = {
				COPY_PHASE_STRIP = YES;
				GCC_ENABLE_FIX_AND_CONTINUE = NO;
				ZERO_LINK = NO;
			};
			isa = PBXBuildStyle;
			name = Deployment;
		};
//4F0
//4F1
//4F2
//4F3
//4F4
//880
//881
//882
//883
//884
		880FCEBB0877364D004384B4 = {
			isa = PBXFileReference;
			lastKnownFileType = image.icns;
			path = slgui.icns;
			refType = 4;
			sourceTree = "<group>";
		};
		880FCEBC0877364D004384B4 = {
			fileRef = 880FCEBB0877364D004384B4;
			isa = PBXBuildFile;
			settings = {
			};
		};
		880FCF2A0878CA09004384B4 = {
			fileEncoding = 30;
			isa = PBXFileReference;
			lastKnownFileType = sourcecode.cpp.cpp;
			path = AUMIDIBase.cpp;
			refType = 4;
			sourceTree = "<group>";
		};
		880FCF2B0878CA09004384B4 = {
			fileEncoding = 30;
			isa = PBXFileReference;
			lastKnownFileType = sourcecode.c.h;
			path = AUMIDIBase.h;
			refType = 4;
			sourceTree = "<group>";
		};
		880FCF2C0878CA09004384B4 = {
			fileEncoding = 30;
			isa = PBXFileReference;
			lastKnownFileType = sourcecode.cpp.cpp;
			path = AUMIDIEffectBase.cpp;
			refType = 4;
			sourceTree = "<group>";
		};
		880FCF2D0878CA09004384B4 = {
			fileEncoding = 30;
			isa = PBXFileReference;
			lastKnownFileType = sourcecode.c.h;
			path = AUMIDIEffectBase.h;
			refType = 4;
			sourceTree = "<group>";
		};
		880FCF2E0878CA09004384B4 = {
			fileRef = 880FCF2A0878CA09004384B4;
			isa = PBXBuildFile;
			settings = {
			};
		};
		880FCF2F0878CA09004384B4 = {
			fileRef = 880FCF2B0878CA09004384B4;
			isa = PBXBuildFile;
			settings = {
			};
		};
		880FCF300878CA09004384B4 = {
			fileRef = 880FCF2C0878CA09004384B4;
			isa = PBXBuildFile;
			settings = {
			};
		};
		880FCF310878CA09004384B4 = {
			fileRef = 880FCF2D0878CA09004384B4;
			isa = PBXBuildFile;
			settings = {
			};
		};
		881934F20878E48B008C28C2 = {
			isa = PBXFileReference;
			lastKnownFileType = archive.ar;
			name = liblo.a;
			path = /usr/local/lib/liblo.a;
			refType = 0;
			sourceTree = "<absolute>";
		};
		881934F30878E48B008C28C2 = {
			fileRef = 881934F20878E48B008C28C2;
			isa = PBXBuildFile;
			settings = {
			};
		};
		881934F80878E4F4008C28C2 = {
			isa = PBXFileReference;
			lastKnownFileType = archive.ar;
			name = libsndfile.a;
			path = /usr/local/lib/libsndfile.a;
			refType = 0;
			sourceTree = "<absolute>";
		};
		881934F90878E4F4008C28C2 = {
			fileRef = 881934F80878E4F4008C28C2;
			isa = PBXBuildFile;
			settings = {
			};
		};
		881935000878E55F008C28C2 = {
			isa = PBXFileReference;
			lastKnownFileType = archive.ar;
			name = libsamplerate.a;
			path = /usr/local/lib/libsamplerate.a;
			refType = 0;
			sourceTree = "<absolute>";
		};
		881935010878E55F008C28C2 = {
			fileRef = 881935000878E55F008C28C2;
			isa = PBXBuildFile;
			settings = {
			};
		};
		881935020878E594008C28C2 = {
			isa = PBXFileReference;
			lastKnownFileType = wrapper.framework;
			name = CoreMIDI.framework;
			path = /System/Library/Frameworks/CoreMIDI.framework;
			refType = 0;
			sourceTree = "<absolute>";
		};
		881935030878E594008C28C2 = {
			fileRef = 881935020878E594008C28C2;
			isa = PBXBuildFile;
			settings = {
			};
		};
		881935060878E5D0008C28C2 = {
			isa = PBXFileReference;
			lastKnownFileType = archive.ar;
			name = "libsigc-1.2.a";
			path = "/usr/local/lib/libsigc-1.2.a";
			refType = 0;
			sourceTree = "<absolute>";
		};
		881935070878E5D0008C28C2 = {
			fileRef = 881935060878E5D0008C28C2;
			isa = PBXBuildFile;
			settings = {
			};
		};
		881935120878E75A008C28C2 = {
			isa = PBXFileReference;
			lastKnownFileType = "compiled.mach-o.dylib";
			name = libz.dylib;
			path = /usr/lib/libz.dylib;
			refType = 0;
			sourceTree = "<absolute>";
		};
		881935130878E75A008C28C2 = {
			fileRef = 881935120878E75A008C28C2;
			isa = PBXBuildFile;
			settings = {
			};
		};
		881935140878E77D008C28C2 = {
			isa = PBXFileReference;
			lastKnownFileType = "compiled.mach-o.dylib";
			name = libiconv.dylib;
			path = /usr/lib/libiconv.dylib;
			refType = 0;
			sourceTree = "<absolute>";
		};
		881935150878E77D008C28C2 = {
			fileRef = 881935140878E77D008C28C2;
			isa = PBXBuildFile;
			settings = {
			};
		};
		881935180878E7A0008C28C2 = {
			isa = PBXFileReference;
			lastKnownFileType = wrapper.framework;
			name = CoreFoundation.framework;
			path = /System/Library/Frameworks/CoreFoundation.framework;
			refType = 0;
			sourceTree = "<absolute>";
		};
		881935190878E7A0008C28C2 = {
			fileRef = 881935180878E7A0008C28C2;
			isa = PBXBuildFile;
			settings = {
			};
		};
		8819351A0878E7CA008C28C2 = {
			isa = PBXFileReference;
			lastKnownFileType = "compiled.mach-o.dylib";
			name = libm.dylib;
			path = /usr/lib/libm.dylib;
			refType = 0;
			sourceTree = "<absolute>";
		};
		8819351B0878E7CA008C28C2 = {
			fileRef = 8819351A0878E7CA008C28C2;
			isa = PBXBuildFile;
			settings = {
			};
		};
		8855A54F08B571B500B1396A = {
			fileEncoding = 30;
			isa = PBXFileReference;
			lastKnownFileType = sourcecode.c.h;
			path = TaskWrapper.h;
			refType = 4;
			sourceTree = "<group>";
		};
		8855A55008B571B500B1396A = {
			fileEncoding = 30;
			isa = PBXFileReference;
			lastKnownFileType = sourcecode.c.objc;
			path = TaskWrapper.m;
			refType = 4;
			sourceTree = "<group>";
		};
		8855A55108B571B500B1396A = {
			fileRef = 8855A54F08B571B500B1396A;
			isa = PBXBuildFile;
			settings = {
			};
		};
		8855A55208B571B500B1396A = {
			fileRef = 8855A55008B571B500B1396A;
			isa = PBXBuildFile;
			settings = {
			};
		};
		8855A55B08B5732D00B1396A = {
			fileEncoding = 4;
			isa = PBXFileReference;
			lastKnownFileType = sourcecode.c.h;
			path = launch_slgui.h;
			refType = 4;
			sourceTree = "<group>";
		};
		8855A55C08B5732D00B1396A = {
			fileEncoding = 4;
			isa = PBXFileReference;
			lastKnownFileType = sourcecode.cpp.objcpp;
			path = launch_slgui.mm;
			refType = 4;
			sourceTree = "<group>";
		};
		8855A55D08B5732D00B1396A = {
			fileRef = 8855A55B08B5732D00B1396A;
			isa = PBXBuildFile;
			settings = {
			};
		};
		8855A55E08B5732D00B1396A = {
			fileRef = 8855A55C08B5732D00B1396A;
			isa = PBXBuildFile;
			settings = {
			};
		};
		8855A6F508B59DE600B1396A = {
			isa = PBXFileReference;
			lastKnownFileType = "compiled.mach-o.dylib";
			name = libxml2.dylib;
			path = /usr/lib/libxml2.dylib;
			refType = 0;
			sourceTree = "<absolute>";
		};
		8855A6F608B59DE600B1396A = {
			fileRef = 8855A6F508B59DE600B1396A;
			isa = PBXBuildFile;
			settings = {
			};
		};
		8855A7CC08B7779C00B1396A = {
			children = (
				8855A90308B77EBD00B1396A,
				8855A81508B778D300B1396A,
				8855A81608B778D300B1396A,
				8855A81708B778D300B1396A,
				8855A81808B778D300B1396A,
				8855A81908B778D300B1396A,
				8855A81A08B778D300B1396A,
				8855A81B08B778D300B1396A,
				8855A81C08B778D300B1396A,
				8855A85308B778D300B1396A,
				8855A85408B778D300B1396A,
				8855A85508B778D300B1396A,
				8855A85608B778D300B1396A,
				8855A85708B778D300B1396A,
				8855A85808B778D300B1396A,
				8855A85908B778D300B1396A,
				8855A85A08B778D300B1396A,
			);
			isa = PBXGroup;
			name = libpbd;
			refType = 4;
			sourceTree = "<group>";
		};
		8855A7CD08B777AC00B1396A = {
			children = (
				8855A8A008B7792500B1396A,
				8855A7EC08B7784C00B1396A,
				8855A7CE08B7782900B1396A,
				8855A7CF08B7782900B1396A,
				8855A7D008B7782900B1396A,
				8855A7D108B7782900B1396A,
				8855A7D208B7782900B1396A,
				8855A7D308B7782900B1396A,
				8855A7D408B7782900B1396A,
				8855A7D508B7782900B1396A,
				8855A7D608B7782900B1396A,
				8855A7D708B7782900B1396A,
				8855A7D908B7782900B1396A,
				8855A7DA08B7782900B1396A,
				8855A7DB08B7782900B1396A,
				8855A7DC08B7782900B1396A,
			);
			isa = PBXGroup;
			name = libmidi;
			refType = 4;
			sourceTree = "<group>";
		};
		8855A7CE08B7782900B1396A = {
			fileEncoding = 30;
			isa = PBXFileReference;
			lastKnownFileType = sourcecode.cpp.cpp;
			name = coremidi_midiport.cc;
			path = "/Users/jesse/src/sooperlooper/libs/midi++/coremidi_midiport.cc";
			refType = 0;
			sourceTree = "<absolute>";
		};
		8855A7CF08B7782900B1396A = {
			fileEncoding = 30;
			isa = PBXFileReference;
			lastKnownFileType = sourcecode.cpp.cpp;
			name = fd_midiport.cc;
			path = "/Users/jesse/src/sooperlooper/libs/midi++/fd_midiport.cc";
			refType = 0;
			sourceTree = "<absolute>";
		};
		8855A7D008B7782900B1396A = {
			fileEncoding = 30;
			isa = PBXFileReference;
			lastKnownFileType = sourcecode.cpp.cpp;
			name = fifomidi.cc;
			path = "/Users/jesse/src/sooperlooper/libs/midi++/fifomidi.cc";
			refType = 0;
			sourceTree = "<absolute>";
		};
		8855A7D108B7782900B1396A = {
			fileEncoding = 30;
			isa = PBXFileReference;
			lastKnownFileType = sourcecode.cpp.cpp;
			name = midi.cc;
			path = "/Users/jesse/src/sooperlooper/libs/midi++/midi.cc";
			refType = 0;
			sourceTree = "<absolute>";
		};
		8855A7D208B7782900B1396A = {
			fileEncoding = 30;
			isa = PBXFileReference;
			lastKnownFileType = sourcecode.cpp.cpp;
			name = midichannel.cc;
			path = "/Users/jesse/src/sooperlooper/libs/midi++/midichannel.cc";
			refType = 0;
			sourceTree = "<absolute>";
		};
		8855A7D308B7782900B1396A = {
			fileEncoding = 30;
			isa = PBXFileReference;
			lastKnownFileType = sourcecode.cpp.cpp;
			name = midicontrollable.cc;
			path = "/Users/jesse/src/sooperlooper/libs/midi++/midicontrollable.cc";
			refType = 0;
			sourceTree = "<absolute>";
		};
		8855A7D408B7782900B1396A = {
			fileEncoding = 30;
			isa = PBXFileReference;
			lastKnownFileType = sourcecode.cpp.cpp;
			name = midifactory.cc;
			path = "/Users/jesse/src/sooperlooper/libs/midi++/midifactory.cc";
			refType = 0;
			sourceTree = "<absolute>";
		};
		8855A7D508B7782900B1396A = {
			fileEncoding = 30;
			isa = PBXFileReference;
			lastKnownFileType = sourcecode.cpp.cpp;
			name = midimanager.cc;
			path = "/Users/jesse/src/sooperlooper/libs/midi++/midimanager.cc";
			refType = 0;
			sourceTree = "<absolute>";
		};
		8855A7D608B7782900B1396A = {
			fileEncoding = 30;
			isa = PBXFileReference;
			lastKnownFileType = sourcecode.cpp.cpp;
			name = midiparser.cc;
			path = "/Users/jesse/src/sooperlooper/libs/midi++/midiparser.cc";
			refType = 0;
			sourceTree = "<absolute>";
		};
		8855A7D708B7782900B1396A = {
			fileEncoding = 30;
			isa = PBXFileReference;
			lastKnownFileType = sourcecode.cpp.cpp;
			name = midiport.cc;
			path = "/Users/jesse/src/sooperlooper/libs/midi++/midiport.cc";
			refType = 0;
			sourceTree = "<absolute>";
		};
		8855A7D908B7782900B1396A = {
			fileEncoding = 30;
			isa = PBXFileReference;
			lastKnownFileType = sourcecode.cpp.cpp;
			name = mmc.cc;
			path = "/Users/jesse/src/sooperlooper/libs/midi++/mmc.cc";
			refType = 0;
			sourceTree = "<absolute>";
		};
		8855A7DA08B7782900B1396A = {
			fileEncoding = 30;
			isa = PBXFileReference;
			lastKnownFileType = sourcecode.cpp.cpp;
			name = mtc.cc;
			path = "/Users/jesse/src/sooperlooper/libs/midi++/mtc.cc";
			refType = 0;
			sourceTree = "<absolute>";
		};
		8855A7DB08B7782900B1396A = {
			fileEncoding = 30;
			isa = PBXFileReference;
			lastKnownFileType = sourcecode.cpp.cpp;
			name = port_request.cc;
			path = "/Users/jesse/src/sooperlooper/libs/midi++/port_request.cc";
			refType = 0;
			sourceTree = "<absolute>";
		};
		8855A7DC08B7782900B1396A = {
			fileEncoding = 30;
			isa = PBXFileReference;
			lastKnownFileType = sourcecode.cpp.cpp;
			name = version.cc;
			path = "/Users/jesse/src/sooperlooper/libs/midi++/version.cc";
			refType = 0;
			sourceTree = "<absolute>";
		};
		8855A7DD08B7782900B1396A = {
			fileRef = 8855A7CE08B7782900B1396A;
			isa = PBXBuildFile;
			settings = {
			};
		};
		8855A7DE08B7782900B1396A = {
			fileRef = 8855A7CF08B7782900B1396A;
			isa = PBXBuildFile;
			settings = {
			};
		};
		8855A7DF08B7782900B1396A = {
			fileRef = 8855A7D008B7782900B1396A;
			isa = PBXBuildFile;
			settings = {
			};
		};
		8855A7E008B7782900B1396A = {
			fileRef = 8855A7D108B7782900B1396A;
			isa = PBXBuildFile;
			settings = {
			};
		};
		8855A7E108B7782900B1396A = {
			fileRef = 8855A7D208B7782900B1396A;
			isa = PBXBuildFile;
			settings = {
			};
		};
		8855A7E208B7782900B1396A = {
			fileRef = 8855A7D308B7782900B1396A;
			isa = PBXBuildFile;
			settings = {
			};
		};
		8855A7E308B7782900B1396A = {
			fileRef = 8855A7D408B7782900B1396A;
			isa = PBXBuildFile;
			settings = {
			};
		};
		8855A7E408B7782900B1396A = {
			fileRef = 8855A7D508B7782900B1396A;
			isa = PBXBuildFile;
			settings = {
			};
		};
		8855A7E508B7782900B1396A = {
			fileRef = 8855A7D608B7782900B1396A;
			isa = PBXBuildFile;
			settings = {
			};
		};
		8855A7E608B7782900B1396A = {
			fileRef = 8855A7D708B7782900B1396A;
			isa = PBXBuildFile;
			settings = {
			};
		};
		8855A7E808B7782900B1396A = {
			fileRef = 8855A7D908B7782900B1396A;
			isa = PBXBuildFile;
			settings = {
			};
		};
		8855A7E908B7782900B1396A = {
			fileRef = 8855A7DA08B7782900B1396A;
			isa = PBXBuildFile;
			settings = {
			};
		};
		8855A7EA08B7782900B1396A = {
			fileRef = 8855A7DB08B7782900B1396A;
			isa = PBXBuildFile;
			settings = {
			};
		};
		8855A7EB08B7782900B1396A = {
			fileRef = 8855A7DC08B7782900B1396A;
			isa = PBXBuildFile;
			settings = {
			};
		};
		8855A7EC08B7784C00B1396A = {
			children = (
				8855A7EF08B7784C00B1396A,
				8855A7F008B7784C00B1396A,
				8855A7F108B7784C00B1396A,
				8855A7F208B7784C00B1396A,
				8855A7F308B7784C00B1396A,
				8855A7F408B7784C00B1396A,
				8855A7F808B7784D00B1396A,
				8855A7F908B7784D00B1396A,
				8855A7FA08B7784D00B1396A,
				8855A7FB08B7784D00B1396A,
				8855A7FC08B7784D00B1396A,
				8855A7FD08B7784D00B1396A,
				8855A7FE08B7784D00B1396A,
				8855A80008B7784D00B1396A,
			);
			isa = PBXGroup;
			name = "midi++";
			path = "/Users/jesse/src/sooperlooper/libs/midi++/midi++";
			refType = 0;
			sourceTree = "<absolute>";
		};
		8855A7EF08B7784C00B1396A = {
			fileEncoding = 30;
			isa = PBXFileReference;
			lastKnownFileType = sourcecode.c.h;
			path = channel.h;
			refType = 4;
			sourceTree = "<group>";
		};
		8855A7F008B7784C00B1396A = {
			fileEncoding = 30;
			isa = PBXFileReference;
			lastKnownFileType = sourcecode.c.h;
			path = controllable.h;
			refType = 4;
			sourceTree = "<group>";
		};
		8855A7F108B7784C00B1396A = {
			fileEncoding = 30;
			isa = PBXFileReference;
			lastKnownFileType = sourcecode.c.h;
			path = coremidi_midiport.h;
			refType = 4;
			sourceTree = "<group>";
		};
		8855A7F208B7784C00B1396A = {
			fileEncoding = 30;
			isa = PBXFileReference;
			lastKnownFileType = sourcecode.c.h;
			path = factory.h;
			refType = 4;
			sourceTree = "<group>";
		};
		8855A7F308B7784C00B1396A = {
			fileEncoding = 30;
			isa = PBXFileReference;
			lastKnownFileType = sourcecode.c.h;
			path = fd_midiport.h;
			refType = 4;
			sourceTree = "<group>";
		};
		8855A7F408B7784C00B1396A = {
			fileEncoding = 30;
			isa = PBXFileReference;
			lastKnownFileType = sourcecode.c.h;
			path = fifomidi.h;
			refType = 4;
			sourceTree = "<group>";
		};
		8855A7F808B7784D00B1396A = {
			fileEncoding = 30;
			isa = PBXFileReference;
			lastKnownFileType = sourcecode.c.h;
			path = manager.h;
			refType = 4;
			sourceTree = "<group>";
		};
		8855A7F908B7784D00B1396A = {
			fileEncoding = 30;
			isa = PBXFileReference;
			lastKnownFileType = sourcecode.c.h;
			path = mmc.h;
			refType = 4;
			sourceTree = "<group>";
		};
		8855A7FA08B7784D00B1396A = {
			fileEncoding = 30;
			isa = PBXFileReference;
			lastKnownFileType = sourcecode.c.h;
			path = nullmidi.h;
			refType = 4;
			sourceTree = "<group>";
		};
		8855A7FB08B7784D00B1396A = {
			fileEncoding = 30;
			isa = PBXFileReference;
			lastKnownFileType = sourcecode.c.h;
			path = parser.h;
			refType = 4;
			sourceTree = "<group>";
		};
		8855A7FC08B7784D00B1396A = {
			fileEncoding = 30;
			isa = PBXFileReference;
			lastKnownFileType = sourcecode.c.h;
			path = port.h;
			refType = 4;
			sourceTree = "<group>";
		};
		8855A7FD08B7784D00B1396A = {
			fileEncoding = 30;
			isa = PBXFileReference;
			lastKnownFileType = sourcecode.c.h;
			path = port_request.h;
			refType = 4;
			sourceTree = "<group>";
		};
		8855A7FE08B7784D00B1396A = {
			fileEncoding = 30;
			isa = PBXFileReference;
			lastKnownFileType = sourcecode.c.h;
			path = types.h;
			refType = 4;
			sourceTree = "<group>";
		};
		8855A80008B7784D00B1396A = {
			fileEncoding = 30;
			isa = PBXFileReference;
			lastKnownFileType = sourcecode.c.h;
			path = version.h;
			refType = 4;
			sourceTree = "<group>";
		};
		8855A80308B7784D00B1396A = {
			fileRef = 8855A7EF08B7784C00B1396A;
			isa = PBXBuildFile;
			settings = {
			};
		};
		8855A80408B7784D00B1396A = {
			fileRef = 8855A7F008B7784C00B1396A;
			isa = PBXBuildFile;
			settings = {
			};
		};
		8855A80508B7784D00B1396A = {
			fileRef = 8855A7F108B7784C00B1396A;
			isa = PBXBuildFile;
			settings = {
			};
		};
		8855A80608B7784D00B1396A = {
			fileRef = 8855A7F208B7784C00B1396A;
			isa = PBXBuildFile;
			settings = {
			};
		};
		8855A80708B7784D00B1396A = {
			fileRef = 8855A7F308B7784C00B1396A;
			isa = PBXBuildFile;
			settings = {
			};
		};
		8855A80808B7784D00B1396A = {
			fileRef = 8855A7F408B7784C00B1396A;
			isa = PBXBuildFile;
			settings = {
			};
		};
		8855A80C08B7784D00B1396A = {
			fileRef = 8855A7F808B7784D00B1396A;
			isa = PBXBuildFile;
			settings = {
			};
		};
		8855A80D08B7784D00B1396A = {
			fileRef = 8855A7F908B7784D00B1396A;
			isa = PBXBuildFile;
			settings = {
			};
		};
		8855A80E08B7784D00B1396A = {
			fileRef = 8855A7FA08B7784D00B1396A;
			isa = PBXBuildFile;
			settings = {
			};
		};
		8855A80F08B7784D00B1396A = {
			fileRef = 8855A7FB08B7784D00B1396A;
			isa = PBXBuildFile;
			settings = {
			};
		};
		8855A81008B7784D00B1396A = {
			fileRef = 8855A7FC08B7784D00B1396A;
			isa = PBXBuildFile;
			settings = {
			};
		};
		8855A81108B7784D00B1396A = {
			fileRef = 8855A7FD08B7784D00B1396A;
			isa = PBXBuildFile;
			settings = {
			};
		};
		8855A81208B7784D00B1396A = {
			fileRef = 8855A7FE08B7784D00B1396A;
			isa = PBXBuildFile;
			settings = {
			};
		};
		8855A81408B7784D00B1396A = {
			fileRef = 8855A80008B7784D00B1396A;
			isa = PBXBuildFile;
			settings = {
			};
		};
		8855A81508B778D300B1396A = {
			fileEncoding = 30;
			isa = PBXFileReference;
			lastKnownFileType = sourcecode.cpp.cpp;
			name = basename.cc;
			path = /Users/jesse/src/sooperlooper/libs/pbd/basename.cc;
			refType = 0;
			sourceTree = "<absolute>";
		};
		8855A81608B778D300B1396A = {
			fileEncoding = 30;
			isa = PBXFileReference;
			lastKnownFileType = sourcecode.c.h;
			name = config.h;
			path = /Users/jesse/src/sooperlooper/libs/pbd/config.h;
			refType = 0;
			sourceTree = "<absolute>";
		};
		8855A81708B778D300B1396A = {
			fileEncoding = 30;
			isa = PBXFileReference;
			lastKnownFileType = sourcecode.cpp.cpp;
			name = dirname.cc;
			path = /Users/jesse/src/sooperlooper/libs/pbd/dirname.cc;
			refType = 0;
			sourceTree = "<absolute>";
		};
		8855A81808B778D300B1396A = {
			fileEncoding = 30;
			isa = PBXFileReference;
			lastKnownFileType = sourcecode.cpp.cpp;
			name = dmalloc.cc;
			path = /Users/jesse/src/sooperlooper/libs/pbd/dmalloc.cc;
			refType = 0;
			sourceTree = "<absolute>";
		};
		8855A81908B778D300B1396A = {
			fileEncoding = 30;
			isa = PBXFileReference;
			lastKnownFileType = sourcecode.cpp.cpp;
			name = ftw.cc;
			path = /Users/jesse/src/sooperlooper/libs/pbd/ftw.cc;
			refType = 0;
			sourceTree = "<absolute>";
		};
		8855A81A08B778D300B1396A = {
			fileEncoding = 30;
			isa = PBXFileReference;
			lastKnownFileType = sourcecode.cpp.cpp;
			name = mountpoint.cc;
			path = /Users/jesse/src/sooperlooper/libs/pbd/mountpoint.cc;
			refType = 0;
			sourceTree = "<absolute>";
		};
		8855A81B08B778D300B1396A = {
			fileEncoding = 30;
			isa = PBXFileReference;
			lastKnownFileType = sourcecode.cpp.cpp;
			name = pathscanner.cc;
			path = /Users/jesse/src/sooperlooper/libs/pbd/pathscanner.cc;
			refType = 0;
			sourceTree = "<absolute>";
		};
		8855A81C08B778D300B1396A = {
			children = (
				8855A81D08B778D300B1396A,
				8855A81E08B778D300B1396A,
				8855A81F08B778D300B1396A,
				8855A82008B778D300B1396A,
				8855A82208B778D300B1396A,
				8855A82308B778D300B1396A,
				8855A82408B778D300B1396A,
				8855A82508B778D300B1396A,
				8855A82608B778D300B1396A,
				8855A82708B778D300B1396A,
				8855A82808B778D300B1396A,
				8855A82908B778D300B1396A,
				8855A82A08B778D300B1396A,
				8855A82D08B778D300B1396A,
				8855A82E08B778D300B1396A,
				8855A83208B778D300B1396A,
				8855A83308B778D300B1396A,
				8855A83408B778D300B1396A,
				8855A83508B778D300B1396A,
				8855A83608B778D300B1396A,
				8855A83708B778D300B1396A,
				8855A83808B778D300B1396A,
				8855A83908B778D300B1396A,
				8855A83A08B778D300B1396A,
				8855A83B08B778D300B1396A,
				8855A83C08B778D300B1396A,
				8855A83D08B778D300B1396A,
				8855A83E08B778D300B1396A,
				8855A83F08B778D300B1396A,
				8855A84008B778D300B1396A,
				8855A84108B778D300B1396A,
				8855A84208B778D300B1396A,
				8855A84308B778D300B1396A,
				8855A84608B778D300B1396A,
				8855A84708B778D300B1396A,
				8855A84808B778D300B1396A,
				8855A84908B778D300B1396A,
				8855A84A08B778D300B1396A,
				8855A84B08B778D300B1396A,
				8855A84C08B778D300B1396A,
				8855A84D08B778D300B1396A,
				8855A84E08B778D300B1396A,
				8855A84F08B778D300B1396A,
				8855A85008B778D300B1396A,
				8855A85108B778D300B1396A,
				8855A85208B778D300B1396A,
			);
			isa = PBXGroup;
			name = pbd;
			path = /Users/jesse/src/sooperlooper/libs/pbd/pbd;
			refType = 0;
			sourceTree = "<absolute>";
		};
		8855A81D08B778D300B1396A = {
			fileEncoding = 30;
			isa = PBXFileReference;
			lastKnownFileType = sourcecode.c.h;
			path = abstract_ui.h;
			refType = 4;
			sourceTree = "<group>";
		};
		8855A81E08B778D300B1396A = {
			fileEncoding = 30;
			isa = PBXFileReference;
			lastKnownFileType = sourcecode.c.h;
			path = atomic.h;
			refType = 4;
			sourceTree = "<group>";
		};
		8855A81F08B778D300B1396A = {
			fileEncoding = 30;
			isa = PBXFileReference;
			lastKnownFileType = sourcecode.c.h;
			path = basename.h;
			refType = 4;
			sourceTree = "<group>";
		};
		8855A82008B778D300B1396A = {
			fileEncoding = 30;
			isa = PBXFileReference;
			lastKnownFileType = sourcecode.c.h;
			path = compose.h;
			refType = 4;
			sourceTree = "<group>";
		};
		8855A82208B778D300B1396A = {
			fileEncoding = 30;
			isa = PBXFileReference;
			lastKnownFileType = sourcecode.c.h;
			path = datum.h;
			refType = 4;
			sourceTree = "<group>";
		};
		8855A82308B778D300B1396A = {
			fileEncoding = 30;
			isa = PBXFileReference;
			lastKnownFileType = sourcecode.c.h;
			path = dirname.h;
			refType = 4;
			sourceTree = "<group>";
		};
		8855A82408B778D300B1396A = {
			fileEncoding = 30;
			isa = PBXFileReference;
			lastKnownFileType = sourcecode.c.h;
			path = ellipsoid.h;
			refType = 4;
			sourceTree = "<group>";
		};
		8855A82508B778D300B1396A = {
			fileEncoding = 30;
			isa = PBXFileReference;
			lastKnownFileType = sourcecode.c.h;
			path = error.h;
			refType = 4;
			sourceTree = "<group>";
		};
		8855A82608B778D300B1396A = {
			fileEncoding = 30;
			isa = PBXFileReference;
			lastKnownFileType = sourcecode.c.h;
			path = failed_constructor.h;
			refType = 4;
			sourceTree = "<group>";
		};
		8855A82708B778D300B1396A = {
			fileEncoding = 30;
			isa = PBXFileReference;
			lastKnownFileType = sourcecode.c.h;
			path = fastlog.h;
			refType = 4;
			sourceTree = "<group>";
		};
		8855A82808B778D300B1396A = {
			fileEncoding = 30;
			isa = PBXFileReference;
			lastKnownFileType = sourcecode.c.h;
			path = foreach.h;
			refType = 4;
			sourceTree = "<group>";
		};
		8855A82908B778D300B1396A = {
			fileEncoding = 30;
			isa = PBXFileReference;
			lastKnownFileType = sourcecode.c.h;
			path = forkexec.h;
			refType = 4;
			sourceTree = "<group>";
		};
		8855A82A08B778D300B1396A = {
			fileEncoding = 30;
			isa = PBXFileReference;
			lastKnownFileType = sourcecode.c.h;
			path = ftw.h;
			refType = 4;
			sourceTree = "<group>";
		};
		8855A82D08B778D300B1396A = {
			fileEncoding = 30;
			isa = PBXFileReference;
			lastKnownFileType = sourcecode.c.h;
			path = lock_free_fifo.h;
			refType = 4;
			sourceTree = "<group>";
		};
		8855A82E08B778D300B1396A = {
			fileEncoding = 30;
			isa = PBXFileReference;
			lastKnownFileType = sourcecode.c.h;
			path = lockmonitor.h;
			refType = 4;
			sourceTree = "<group>";
		};
		8855A83208B778D300B1396A = {
			fileEncoding = 30;
			isa = PBXFileReference;
			lastKnownFileType = sourcecode.c.h;
			path = mountpoint.h;
			refType = 4;
			sourceTree = "<group>";
		};
		8855A83308B778D300B1396A = {
			fileEncoding = 30;
			isa = PBXFileReference;
			lastKnownFileType = sourcecode.c.h;
			path = pathscanner.h;
			refType = 4;
			sourceTree = "<group>";
		};
		8855A83408B778D300B1396A = {
			fileEncoding = 30;
			isa = PBXFileReference;
			lastKnownFileType = sourcecode.c.h;
			path = platform.h;
			refType = 4;
			sourceTree = "<group>";
		};
		8855A83508B778D300B1396A = {
			fileEncoding = 30;
			isa = PBXFileReference;
			lastKnownFileType = sourcecode.c.h;
			path = platform_factory.h;
			refType = 4;
			sourceTree = "<group>";
		};
		8855A83608B778D300B1396A = {
			fileEncoding = 30;
			isa = PBXFileReference;
			lastKnownFileType = sourcecode.c.h;
			path = pool.h;
			refType = 4;
			sourceTree = "<group>";
		};
		8855A83708B778D300B1396A = {
			fileEncoding = 30;
			isa = PBXFileReference;
			lastKnownFileType = sourcecode.c.h;
			path = position.h;
			refType = 4;
			sourceTree = "<group>";
		};
		8855A83808B778D300B1396A = {
			fileEncoding = 30;
			isa = PBXFileReference;
			lastKnownFileType = sourcecode.c.h;
			path = precision_timer.h;
			refType = 4;
			sourceTree = "<group>";
		};
		8855A83908B778D300B1396A = {
			fileEncoding = 30;
			isa = PBXFileReference;
			lastKnownFileType = sourcecode.c.h;
			path = pthread_spinlock.h;
			refType = 4;
			sourceTree = "<group>";
		};
		8855A83A08B778D300B1396A = {
			fileEncoding = 30;
			isa = PBXFileReference;
			lastKnownFileType = sourcecode.c.h;
			path = pthread_utils.h;
			refType = 4;
			sourceTree = "<group>";
		};
		8855A83B08B778D300B1396A = {
			fileEncoding = 30;
			isa = PBXFileReference;
			lastKnownFileType = sourcecode.c.h;
			path = rcpointer.h;
			refType = 4;
			sourceTree = "<group>";
		};
		8855A83C08B778D300B1396A = {
			fileEncoding = 30;
			isa = PBXFileReference;
			lastKnownFileType = sourcecode.c.h;
			path = receiver.h;
			refType = 4;
			sourceTree = "<group>";
		};
		8855A83D08B778D300B1396A = {
			fileEncoding = 30;
			isa = PBXFileReference;
			lastKnownFileType = sourcecode.c.h;
			path = relation.h;
			refType = 4;
			sourceTree = "<group>";
		};
		8855A83E08B778D300B1396A = {
			fileEncoding = 30;
			isa = PBXFileReference;
			lastKnownFileType = sourcecode.c.h;
			path = restartable_rw.h;
			refType = 4;
			sourceTree = "<group>";
		};
		8855A83F08B778D300B1396A = {
			fileEncoding = 30;
			isa = PBXFileReference;
			lastKnownFileType = sourcecode.c.h;
			path = ringbuffer.h;
			refType = 4;
			sourceTree = "<group>";
		};
		8855A84008B778D300B1396A = {
			fileEncoding = 30;
			isa = PBXFileReference;
			lastKnownFileType = sourcecode.c.h;
			path = rt.h;
			refType = 4;
			sourceTree = "<group>";
		};
		8855A84108B778D300B1396A = {
			fileEncoding = 30;
			isa = PBXFileReference;
			lastKnownFileType = sourcecode.c.h;
			path = rtthread.h;
			refType = 4;
			sourceTree = "<group>";
		};
		8855A84208B778D300B1396A = {
			fileEncoding = 30;
			isa = PBXFileReference;
			lastKnownFileType = sourcecode.c.h;
			path = scale.h;
			refType = 4;
			sourceTree = "<group>";
		};
		8855A84308B778D300B1396A = {
			fileEncoding = 30;
			isa = PBXFileReference;
			lastKnownFileType = sourcecode.c.h;
			path = selectable.h;
			refType = 4;
			sourceTree = "<group>";
		};
		8855A84608B778D300B1396A = {
			fileEncoding = 30;
			isa = PBXFileReference;
			lastKnownFileType = sourcecode.c.h;
			path = stl_delete.h;
			refType = 4;
			sourceTree = "<group>";
		};
		8855A84708B778D300B1396A = {
			fileEncoding = 30;
			isa = PBXFileReference;
			lastKnownFileType = sourcecode.c.h;
			path = stl_functors.h;
			refType = 4;
			sourceTree = "<group>";
		};
		8855A84808B778D300B1396A = {
			fileEncoding = 30;
			isa = PBXFileReference;
			lastKnownFileType = sourcecode.c.h;
			path = strsub.h;
			refType = 4;
			sourceTree = "<group>";
		};
		8855A84908B778D300B1396A = {
			fileEncoding = 30;
			isa = PBXFileReference;
			lastKnownFileType = sourcecode.c.h;
			path = textreceiver.h;
			refType = 4;
			sourceTree = "<group>";
		};
		8855A84A08B778D300B1396A = {
			fileEncoding = 30;
			isa = PBXFileReference;
			lastKnownFileType = sourcecode.c.h;
			path = thread.h;
			refType = 4;
			sourceTree = "<group>";
		};
		8855A84B08B778D300B1396A = {
			fileEncoding = 30;
			isa = PBXFileReference;
			lastKnownFileType = sourcecode.c.h;
			path = thrown_error.h;
			refType = 4;
			sourceTree = "<group>";
		};
		8855A84C08B778D300B1396A = {
			fileEncoding = 30;
			isa = PBXFileReference;
			lastKnownFileType = sourcecode.c.h;
			path = touchable.h;
			refType = 4;
			sourceTree = "<group>";
		};
		8855A84D08B778D300B1396A = {
			fileEncoding = 30;
			isa = PBXFileReference;
			lastKnownFileType = sourcecode.c.h;
			path = transmitter.h;
			refType = 4;
			sourceTree = "<group>";
		};
		8855A84E08B778D300B1396A = {
			fileEncoding = 30;
			isa = PBXFileReference;
			lastKnownFileType = sourcecode.c.h;
			path = types.h;
			refType = 4;
			sourceTree = "<group>";
		};
		8855A84F08B778D300B1396A = {
			fileEncoding = 30;
			isa = PBXFileReference;
			lastKnownFileType = sourcecode.c.h;
			path = undo.h;
			refType = 4;
			sourceTree = "<group>";
		};
		8855A85008B778D300B1396A = {
			fileEncoding = 30;
			isa = PBXFileReference;
			lastKnownFileType = sourcecode.c.h;
			path = unescape.h;
			refType = 4;
			sourceTree = "<group>";
		};
		8855A85108B778D300B1396A = {
			fileEncoding = 30;
			isa = PBXFileReference;
			lastKnownFileType = sourcecode.c.h;
			path = version.h;
			refType = 4;
			sourceTree = "<group>";
		};
		8855A85208B778D300B1396A = {
			fileEncoding = 30;
			isa = PBXFileReference;
			lastKnownFileType = sourcecode.c.h;
			path = "xml++.h";
			refType = 4;
			sourceTree = "<group>";
		};
		8855A85308B778D300B1396A = {
			fileEncoding = 30;
			isa = PBXFileReference;
			lastKnownFileType = sourcecode.cpp.cpp;
			name = pool.cc;
			path = /Users/jesse/src/sooperlooper/libs/pbd/pool.cc;
			refType = 0;
			sourceTree = "<absolute>";
		};
		8855A85408B778D300B1396A = {
			fileEncoding = 30;
			isa = PBXFileReference;
			lastKnownFileType = sourcecode.cpp.cpp;
			name = pthread_utils.cc;
			path = /Users/jesse/src/sooperlooper/libs/pbd/pthread_utils.cc;
			refType = 0;
			sourceTree = "<absolute>";
		};
		8855A85508B778D300B1396A = {
			fileEncoding = 30;
			isa = PBXFileReference;
			lastKnownFileType = sourcecode.cpp.cpp;
			name = receiver.cc;
			path = /Users/jesse/src/sooperlooper/libs/pbd/receiver.cc;
			refType = 0;
			sourceTree = "<absolute>";
		};
		8855A85608B778D300B1396A = {
			fileEncoding = 30;
			isa = PBXFileReference;
			lastKnownFileType = sourcecode.cpp.cpp;
			name = textreceiver.cc;
			path = /Users/jesse/src/sooperlooper/libs/pbd/textreceiver.cc;
			refType = 0;
			sourceTree = "<absolute>";
		};
		8855A85708B778D300B1396A = {
			fileEncoding = 30;
			isa = PBXFileReference;
			lastKnownFileType = sourcecode.cpp.cpp;
			name = undo.cc;
			path = /Users/jesse/src/sooperlooper/libs/pbd/undo.cc;
			refType = 0;
			sourceTree = "<absolute>";
		};
		8855A85808B778D300B1396A = {
			fileEncoding = 30;
			isa = PBXFileReference;
			lastKnownFileType = sourcecode.cpp.cpp;
			name = unescape.cc;
			path = /Users/jesse/src/sooperlooper/libs/pbd/unescape.cc;
			refType = 0;
			sourceTree = "<absolute>";
		};
		8855A85908B778D300B1396A = {
			fileEncoding = 30;
			isa = PBXFileReference;
			lastKnownFileType = sourcecode.cpp.cpp;
			name = version.cc;
			path = /Users/jesse/src/sooperlooper/libs/pbd/version.cc;
			refType = 0;
			sourceTree = "<absolute>";
		};
		8855A85A08B778D300B1396A = {
			fileEncoding = 30;
			isa = PBXFileReference;
			lastKnownFileType = sourcecode.cpp.cpp;
			name = "xml++.cc";
			path = "/Users/jesse/src/sooperlooper/libs/pbd/xml++.cc";
			refType = 0;
			sourceTree = "<absolute>";
		};
		8855A85B08B778D300B1396A = {
			fileRef = 8855A81508B778D300B1396A;
			isa = PBXBuildFile;
			settings = {
			};
		};
		8855A85C08B778D300B1396A = {
			fileRef = 8855A81608B778D300B1396A;
			isa = PBXBuildFile;
			settings = {
			};
		};
		8855A85D08B778D300B1396A = {
			fileRef = 8855A81708B778D300B1396A;
			isa = PBXBuildFile;
			settings = {
			};
		};
		8855A85E08B778D300B1396A = {
			fileRef = 8855A81808B778D300B1396A;
			isa = PBXBuildFile;
			settings = {
			};
		};
		8855A85F08B778D300B1396A = {
			fileRef = 8855A81908B778D300B1396A;
			isa = PBXBuildFile;
			settings = {
			};
		};
		8855A86008B778D300B1396A = {
			fileRef = 8855A81A08B778D300B1396A;
			isa = PBXBuildFile;
			settings = {
			};
		};
		8855A86108B778D300B1396A = {
			fileRef = 8855A81B08B778D300B1396A;
			isa = PBXBuildFile;
			settings = {
			};
		};
		8855A86208B778D300B1396A = {
			fileRef = 8855A81D08B778D300B1396A;
			isa = PBXBuildFile;
			settings = {
			};
		};
		8855A86308B778D300B1396A = {
			fileRef = 8855A81E08B778D300B1396A;
			isa = PBXBuildFile;
			settings = {
			};
		};
		8855A86408B778D300B1396A = {
			fileRef = 8855A81F08B778D300B1396A;
			isa = PBXBuildFile;
			settings = {
			};
		};
		8855A86508B778D300B1396A = {
			fileRef = 8855A82008B778D300B1396A;
			isa = PBXBuildFile;
			settings = {
			};
		};
		8855A86708B778D300B1396A = {
			fileRef = 8855A82208B778D300B1396A;
			isa = PBXBuildFile;
			settings = {
			};
		};
		8855A86808B778D300B1396A = {
			fileRef = 8855A82308B778D300B1396A;
			isa = PBXBuildFile;
			settings = {
			};
		};
		8855A86908B778D300B1396A = {
			fileRef = 8855A82408B778D300B1396A;
			isa = PBXBuildFile;
			settings = {
			};
		};
		8855A86A08B778D300B1396A = {
			fileRef = 8855A82508B778D300B1396A;
			isa = PBXBuildFile;
			settings = {
			};
		};
		8855A86B08B778D300B1396A = {
			fileRef = 8855A82608B778D300B1396A;
			isa = PBXBuildFile;
			settings = {
			};
		};
		8855A86C08B778D300B1396A = {
			fileRef = 8855A82708B778D300B1396A;
			isa = PBXBuildFile;
			settings = {
			};
		};
		8855A86D08B778D300B1396A = {
			fileRef = 8855A82808B778D300B1396A;
			isa = PBXBuildFile;
			settings = {
			};
		};
		8855A86E08B778D300B1396A = {
			fileRef = 8855A82908B778D300B1396A;
			isa = PBXBuildFile;
			settings = {
			};
		};
		8855A86F08B778D300B1396A = {
			fileRef = 8855A82A08B778D300B1396A;
			isa = PBXBuildFile;
			settings = {
			};
		};
		8855A87208B778D300B1396A = {
			fileRef = 8855A82D08B778D300B1396A;
			isa = PBXBuildFile;
			settings = {
			};
		};
		8855A87308B778D300B1396A = {
			fileRef = 8855A82E08B778D300B1396A;
			isa = PBXBuildFile;
			settings = {
			};
		};
		8855A87708B778D300B1396A = {
			fileRef = 8855A83208B778D300B1396A;
			isa = PBXBuildFile;
			settings = {
			};
		};
		8855A87808B778D300B1396A = {
			fileRef = 8855A83308B778D300B1396A;
			isa = PBXBuildFile;
			settings = {
			};
		};
		8855A87908B778D300B1396A = {
			fileRef = 8855A83408B778D300B1396A;
			isa = PBXBuildFile;
			settings = {
			};
		};
		8855A87A08B778D300B1396A = {
			fileRef = 8855A83508B778D300B1396A;
			isa = PBXBuildFile;
			settings = {
			};
		};
		8855A87B08B778D300B1396A = {
			fileRef = 8855A83608B778D300B1396A;
			isa = PBXBuildFile;
			settings = {
			};
		};
		8855A87C08B778D300B1396A = {
			fileRef = 8855A83708B778D300B1396A;
			isa = PBXBuildFile;
			settings = {
			};
		};
		8855A87D08B778D300B1396A = {
			fileRef = 8855A83808B778D300B1396A;
			isa = PBXBuildFile;
			settings = {
			};
		};
		8855A87E08B778D300B1396A = {
			fileRef = 8855A83908B778D300B1396A;
			isa = PBXBuildFile;
			settings = {
			};
		};
		8855A87F08B778D300B1396A = {
			fileRef = 8855A83A08B778D300B1396A;
			isa = PBXBuildFile;
			settings = {
			};
		};
		8855A88008B778D300B1396A = {
			fileRef = 8855A83B08B778D300B1396A;
			isa = PBXBuildFile;
			settings = {
			};
		};
		8855A88108B778D300B1396A = {
			fileRef = 8855A83C08B778D300B1396A;
			isa = PBXBuildFile;
			settings = {
			};
		};
		8855A88208B778D300B1396A = {
			fileRef = 8855A83D08B778D300B1396A;
			isa = PBXBuildFile;
			settings = {
			};
		};
		8855A88308B778D300B1396A = {
			fileRef = 8855A83E08B778D300B1396A;
			isa = PBXBuildFile;
			settings = {
			};
		};
		8855A88408B778D300B1396A = {
			fileRef = 8855A83F08B778D300B1396A;
			isa = PBXBuildFile;
			settings = {
			};
		};
		8855A88508B778D300B1396A = {
			fileRef = 8855A84008B778D300B1396A;
			isa = PBXBuildFile;
			settings = {
			};
		};
		8855A88608B778D300B1396A = {
			fileRef = 8855A84108B778D300B1396A;
			isa = PBXBuildFile;
			settings = {
			};
		};
		8855A88708B778D300B1396A = {
			fileRef = 8855A84208B778D300B1396A;
			isa = PBXBuildFile;
			settings = {
			};
		};
		8855A88808B778D300B1396A = {
			fileRef = 8855A84308B778D300B1396A;
			isa = PBXBuildFile;
			settings = {
			};
		};
		8855A88B08B778D300B1396A = {
			fileRef = 8855A84608B778D300B1396A;
			isa = PBXBuildFile;
			settings = {
			};
		};
		8855A88C08B778D300B1396A = {
			fileRef = 8855A84708B778D300B1396A;
			isa = PBXBuildFile;
			settings = {
			};
		};
		8855A88D08B778D300B1396A = {
			fileRef = 8855A84808B778D300B1396A;
			isa = PBXBuildFile;
			settings = {
			};
		};
		8855A88E08B778D300B1396A = {
			fileRef = 8855A84908B778D300B1396A;
			isa = PBXBuildFile;
			settings = {
			};
		};
		8855A88F08B778D300B1396A = {
			fileRef = 8855A84A08B778D300B1396A;
			isa = PBXBuildFile;
			settings = {
			};
		};
		8855A89008B778D300B1396A = {
			fileRef = 8855A84B08B778D300B1396A;
			isa = PBXBuildFile;
			settings = {
			};
		};
		8855A89108B778D300B1396A = {
			fileRef = 8855A84C08B778D300B1396A;
			isa = PBXBuildFile;
			settings = {
			};
		};
		8855A89208B778D300B1396A = {
			fileRef = 8855A84D08B778D300B1396A;
			isa = PBXBuildFile;
			settings = {
			};
		};
		8855A89308B778D300B1396A = {
			fileRef = 8855A84E08B778D300B1396A;
			isa = PBXBuildFile;
			settings = {
			};
		};
		8855A89408B778D300B1396A = {
			fileRef = 8855A84F08B778D300B1396A;
			isa = PBXBuildFile;
			settings = {
			};
		};
		8855A89508B778D300B1396A = {
			fileRef = 8855A85008B778D300B1396A;
			isa = PBXBuildFile;
			settings = {
			};
		};
		8855A89608B778D300B1396A = {
			fileRef = 8855A85108B778D300B1396A;
			isa = PBXBuildFile;
			settings = {
			};
		};
		8855A89708B778D300B1396A = {
			fileRef = 8855A85208B778D300B1396A;
			isa = PBXBuildFile;
			settings = {
			};
		};
		8855A89808B778D300B1396A = {
			fileRef = 8855A85308B778D300B1396A;
			isa = PBXBuildFile;
			settings = {
			};
		};
		8855A89908B778D300B1396A = {
			fileRef = 8855A85408B778D300B1396A;
			isa = PBXBuildFile;
			settings = {
			};
		};
		8855A89A08B778D300B1396A = {
			fileRef = 8855A85508B778D300B1396A;
			isa = PBXBuildFile;
			settings = {
			};
		};
		8855A89B08B778D300B1396A = {
			fileRef = 8855A85608B778D300B1396A;
			isa = PBXBuildFile;
			settings = {
			};
		};
		8855A89C08B778D300B1396A = {
			fileRef = 8855A85708B778D300B1396A;
			isa = PBXBuildFile;
			settings = {
			};
		};
		8855A89D08B778D300B1396A = {
			fileRef = 8855A85808B778D300B1396A;
			isa = PBXBuildFile;
			settings = {
			};
		};
		8855A89E08B778D300B1396A = {
			fileRef = 8855A85908B778D300B1396A;
			isa = PBXBuildFile;
			settings = {
			};
		};
		8855A89F08B778D300B1396A = {
			fileRef = 8855A85A08B778D300B1396A;
			isa = PBXBuildFile;
			settings = {
			};
		};
		8855A8A008B7792500B1396A = {
			fileEncoding = 30;
			isa = PBXFileReference;
			lastKnownFileType = sourcecode.c.h;
			name = config.h;
			path = "/Users/jesse/src/sooperlooper/libs/midi++/config.h";
			refType = 0;
			sourceTree = "<absolute>";
		};
		8855A8A108B7792500B1396A = {
			fileRef = 8855A8A008B7792500B1396A;
			isa = PBXBuildFile;
			settings = {
			};
		};
		8855A8A208B779B800B1396A = {
			fileEncoding = 30;
			isa = PBXFileReference;
			lastKnownFileType = sourcecode.c.h;
			name = atomic.h;
			path = /Users/jesse/src/sooperlooper/src/atomic.h;
			refType = 0;
			sourceTree = "<absolute>";
		};
		8855A8A408B779B800B1396A = {
			fileEncoding = 30;
			isa = PBXFileReference;
			lastKnownFileType = sourcecode.cpp.cpp;
			name = command_map.cpp;
			path = /Users/jesse/src/sooperlooper/src/command_map.cpp;
			refType = 0;
			sourceTree = "<absolute>";
		};
		8855A8A508B779B800B1396A = {
			fileEncoding = 30;
			isa = PBXFileReference;
			lastKnownFileType = sourcecode.cpp.h;
			name = command_map.hpp;
			path = /Users/jesse/src/sooperlooper/src/command_map.hpp;
			refType = 0;
			sourceTree = "<absolute>";
		};
		8855A8A608B779B800B1396A = {
			fileEncoding = 30;
			isa = PBXFileReference;
			lastKnownFileType = sourcecode.cpp.cpp;
			name = control_osc.cpp;
			path = /Users/jesse/src/sooperlooper/src/control_osc.cpp;
			refType = 0;
			sourceTree = "<absolute>";
		};
		8855A8A708B779B800B1396A = {
			fileEncoding = 30;
			isa = PBXFileReference;
			lastKnownFileType = sourcecode.cpp.h;
			name = control_osc.hpp;
			path = /Users/jesse/src/sooperlooper/src/control_osc.hpp;
			refType = 0;
			sourceTree = "<absolute>";
		};
		8855A8A808B779B800B1396A = {
			fileEncoding = 30;
			isa = PBXFileReference;
			lastKnownFileType = sourcecode.cpp.cpp;
			name = engine.cpp;
			path = /Users/jesse/src/sooperlooper/src/engine.cpp;
			refType = 0;
			sourceTree = "<absolute>";
		};
		8855A8A908B779B800B1396A = {
			fileEncoding = 30;
			isa = PBXFileReference;
			lastKnownFileType = sourcecode.cpp.h;
			name = engine.hpp;
			path = /Users/jesse/src/sooperlooper/src/engine.hpp;
			refType = 0;
			sourceTree = "<absolute>";
		};
		8855A8AA08B779B800B1396A = {
			fileEncoding = 30;
			isa = PBXFileReference;
			lastKnownFileType = sourcecode.cpp.h;
			name = event_nonrt.hpp;
			path = /Users/jesse/src/sooperlooper/src/event_nonrt.hpp;
			refType = 0;
			sourceTree = "<absolute>";
		};
		8855A8AB08B779B800B1396A = {
			fileEncoding = 30;
			isa = PBXFileReference;
			lastKnownFileType = sourcecode.cpp.cpp;
			name = event.cpp;
			path = /Users/jesse/src/sooperlooper/src/event.cpp;
			refType = 0;
			sourceTree = "<absolute>";
		};
		8855A8AC08B779B800B1396A = {
			fileEncoding = 30;
			isa = PBXFileReference;
			lastKnownFileType = sourcecode.cpp.h;
			name = event.hpp;
			path = /Users/jesse/src/sooperlooper/src/event.hpp;
			refType = 0;
			sourceTree = "<absolute>";
		};
		8855A8AD08B779B800B1396A = {
			fileEncoding = 30;
			isa = PBXFileReference;
			lastKnownFileType = sourcecode.cpp.cpp;
			name = filter.cpp;
			path = /Users/jesse/src/sooperlooper/src/filter.cpp;
			refType = 0;
			sourceTree = "<absolute>";
		};
		8855A8AE08B779B800B1396A = {
			fileEncoding = 30;
			isa = PBXFileReference;
			lastKnownFileType = sourcecode.cpp.h;
			name = filter.hpp;
			path = /Users/jesse/src/sooperlooper/src/filter.hpp;
			refType = 0;
			sourceTree = "<absolute>";
		};
		8855A8B008B779B800B1396A = {
			fileEncoding = 30;
			isa = PBXFileReference;
			lastKnownFileType = sourcecode.c.h;
			name = ladspa.h;
			path = /Users/jesse/src/sooperlooper/src/ladspa.h;
			refType = 0;
			sourceTree = "<absolute>";
		};
		8855A8B108B779B800B1396A = {
			fileEncoding = 30;
			isa = PBXFileReference;
			lastKnownFileType = sourcecode.cpp.h;
			name = lockmonitor.hpp;
			path = /Users/jesse/src/sooperlooper/src/lockmonitor.hpp;
			refType = 0;
			sourceTree = "<absolute>";
		};
		8855A8B208B779B800B1396A = {
			fileEncoding = 30;
			isa = PBXFileReference;
			lastKnownFileType = sourcecode.cpp.cpp;
			name = looper.cpp;
			path = /Users/jesse/src/sooperlooper/src/looper.cpp;
			refType = 0;
			sourceTree = "<absolute>";
		};
		8855A8B308B779B800B1396A = {
			fileEncoding = 30;
			isa = PBXFileReference;
			lastKnownFileType = sourcecode.cpp.h;
			name = looper.hpp;
			path = /Users/jesse/src/sooperlooper/src/looper.hpp;
			refType = 0;
			sourceTree = "<absolute>";
		};
		8855A8B408B779B800B1396A = {
			fileEncoding = 30;
			isa = PBXFileReference;
			lastKnownFileType = sourcecode.cpp.cpp;
			name = midi_bind.cpp;
			path = /Users/jesse/src/sooperlooper/src/midi_bind.cpp;
			refType = 0;
			sourceTree = "<absolute>";
		};
		8855A8B508B779B800B1396A = {
			fileEncoding = 30;
			isa = PBXFileReference;
			lastKnownFileType = sourcecode.cpp.h;
			name = midi_bind.hpp;
			path = /Users/jesse/src/sooperlooper/src/midi_bind.hpp;
			refType = 0;
			sourceTree = "<absolute>";
		};
		8855A8B608B779B800B1396A = {
			fileEncoding = 30;
			isa = PBXFileReference;
			lastKnownFileType = sourcecode.cpp.cpp;
			name = midi_bridge.cpp;
			path = /Users/jesse/src/sooperlooper/src/midi_bridge.cpp;
			refType = 0;
			sourceTree = "<absolute>";
		};
		8855A8B708B779B800B1396A = {
			fileEncoding = 30;
			isa = PBXFileReference;
			lastKnownFileType = sourcecode.cpp.h;
			name = midi_bridge.hpp;
			path = /Users/jesse/src/sooperlooper/src/midi_bridge.hpp;
			refType = 0;
			sourceTree = "<absolute>";
		};
		8855A8B808B779B800B1396A = {
			fileEncoding = 30;
			isa = PBXFileReference;
			lastKnownFileType = sourcecode.cpp.cpp;
			name = panner.cpp;
			path = /Users/jesse/src/sooperlooper/src/panner.cpp;
			refType = 0;
			sourceTree = "<absolute>";
		};
		8855A8B908B779B800B1396A = {
			fileEncoding = 30;
			isa = PBXFileReference;
			lastKnownFileType = sourcecode.cpp.h;
			name = panner.hpp;
			path = /Users/jesse/src/sooperlooper/src/panner.hpp;
			refType = 0;
			sourceTree = "<absolute>";
		};
		8855A8BA08B779B800B1396A = {
			fileEncoding = 30;
			isa = PBXFileReference;
			lastKnownFileType = sourcecode.cpp.cpp;
			name = plugin.cc;
			path = /Users/jesse/src/sooperlooper/src/plugin.cc;
			refType = 0;
			sourceTree = "<absolute>";
		};
		8855A8BB08B779B800B1396A = {
			fileEncoding = 30;
			isa = PBXFileReference;
			lastKnownFileType = sourcecode.cpp.h;
			name = plugin.hpp;
			path = /Users/jesse/src/sooperlooper/src/plugin.hpp;
			refType = 0;
			sourceTree = "<absolute>";
		};
		8855A8BC08B779B800B1396A = {
			fileEncoding = 30;
			isa = PBXFileReference;
			lastKnownFileType = sourcecode.cpp.h;
			name = ringbuffer.hpp;
			path = /Users/jesse/src/sooperlooper/src/ringbuffer.hpp;
			refType = 0;
			sourceTree = "<absolute>";
		};
		8855A8BD08B779B800B1396A = {
			fileEncoding = 30;
			isa = PBXFileReference;
			lastKnownFileType = sourcecode.cpp.cpp;
			name = utils.cpp;
			path = /Users/jesse/src/sooperlooper/src/utils.cpp;
			refType = 0;
			sourceTree = "<absolute>";
		};
		8855A8BE08B779B800B1396A = {
			fileEncoding = 30;
			isa = PBXFileReference;
			lastKnownFileType = sourcecode.cpp.h;
			name = utils.hpp;
			path = /Users/jesse/src/sooperlooper/src/utils.hpp;
			refType = 0;
			sourceTree = "<absolute>";
		};
		8855A8BF08B779B800B1396A = {
			fileRef = 8855A8A208B779B800B1396A;
			isa = PBXBuildFile;
			settings = {
			};
		};
		8855A8C108B779B800B1396A = {
			fileRef = 8855A8A408B779B800B1396A;
			isa = PBXBuildFile;
			settings = {
			};
		};
		8855A8C208B779B800B1396A = {
			fileRef = 8855A8A508B779B800B1396A;
			isa = PBXBuildFile;
			settings = {
			};
		};
		8855A8C308B779B800B1396A = {
			fileRef = 8855A8A608B779B800B1396A;
			isa = PBXBuildFile;
			settings = {
			};
		};
		8855A8C408B779B800B1396A = {
			fileRef = 8855A8A708B779B800B1396A;
			isa = PBXBuildFile;
			settings = {
			};
		};
		8855A8C508B779B800B1396A = {
			fileRef = 8855A8A808B779B800B1396A;
			isa = PBXBuildFile;
			settings = {
			};
		};
		8855A8C608B779B800B1396A = {
			fileRef = 8855A8A908B779B800B1396A;
			isa = PBXBuildFile;
			settings = {
			};
		};
		8855A8C708B779B800B1396A = {
			fileRef = 8855A8AA08B779B800B1396A;
			isa = PBXBuildFile;
			settings = {
			};
		};
		8855A8C808B779B800B1396A = {
			fileRef = 8855A8AB08B779B800B1396A;
			isa = PBXBuildFile;
			settings = {
			};
		};
		8855A8C908B779B800B1396A = {
			fileRef = 8855A8AC08B779B800B1396A;
			isa = PBXBuildFile;
			settings = {
			};
		};
		8855A8CA08B779B800B1396A = {
			fileRef = 8855A8AD08B779B800B1396A;
			isa = PBXBuildFile;
			settings = {
			};
		};
		8855A8CB08B779B800B1396A = {
			fileRef = 8855A8AE08B779B800B1396A;
			isa = PBXBuildFile;
			settings = {
			};
		};
		8855A8CD08B779B800B1396A = {
			fileRef = 8855A8B008B779B800B1396A;
			isa = PBXBuildFile;
			settings = {
			};
		};
		8855A8CE08B779B800B1396A = {
			fileRef = 8855A8B108B779B800B1396A;
			isa = PBXBuildFile;
			settings = {
			};
		};
		8855A8CF08B779B800B1396A = {
			fileRef = 8855A8B208B779B800B1396A;
			isa = PBXBuildFile;
			settings = {
			};
		};
		8855A8D008B779B800B1396A = {
			fileRef = 8855A8B308B779B800B1396A;
			isa = PBXBuildFile;
			settings = {
			};
		};
		8855A8D108B779B800B1396A = {
			fileRef = 8855A8B408B779B800B1396A;
			isa = PBXBuildFile;
			settings = {
			};
		};
		8855A8D208B779B800B1396A = {
			fileRef = 8855A8B508B779B800B1396A;
			isa = PBXBuildFile;
			settings = {
			};
		};
		8855A8D308B779B800B1396A = {
			fileRef = 8855A8B608B779B800B1396A;
			isa = PBXBuildFile;
			settings = {
			};
		};
		8855A8D408B779B800B1396A = {
			fileRef = 8855A8B708B779B800B1396A;
			isa = PBXBuildFile;
			settings = {
			};
		};
		8855A8D508B779B800B1396A = {
			fileRef = 8855A8B808B779B800B1396A;
			isa = PBXBuildFile;
			settings = {
			};
		};
		8855A8D608B779B800B1396A = {
			fileRef = 8855A8B908B779B800B1396A;
			isa = PBXBuildFile;
			settings = {
			};
		};
		8855A8D708B779B800B1396A = {
			fileRef = 8855A8BA08B779B800B1396A;
			isa = PBXBuildFile;
			settings = {
			};
		};
		8855A8D808B779B800B1396A = {
			fileRef = 8855A8BB08B779B800B1396A;
			isa = PBXBuildFile;
			settings = {
			};
		};
		8855A8D908B779B800B1396A = {
			fileRef = 8855A8BC08B779B800B1396A;
			isa = PBXBuildFile;
			settings = {
			};
		};
		8855A8DA08B779B800B1396A = {
			fileRef = 8855A8BD08B779B800B1396A;
			isa = PBXBuildFile;
			settings = {
			};
		};
		8855A8DB08B779B800B1396A = {
			fileRef = 8855A8BE08B779B800B1396A;
			isa = PBXBuildFile;
			settings = {
			};
		};
		8855A8DC08B779DF00B1396A = {
			fileEncoding = 30;
			isa = PBXFileReference;
			lastKnownFileType = sourcecode.cpp.cpp;
			name = audio_driver.cpp;
			path = /Users/jesse/src/sooperlooper/src/audio_driver.cpp;
			refType = 0;
			sourceTree = "<absolute>";
		};
		8855A8DD08B779DF00B1396A = {
			fileEncoding = 30;
			isa = PBXFileReference;
			lastKnownFileType = sourcecode.cpp.h;
			name = jack_audio_driver.hpp;
			path = /Users/jesse/src/sooperlooper/src/jack_audio_driver.hpp;
			refType = 0;
			sourceTree = "<absolute>";
		};
		8855A8DE08B779DF00B1396A = {
			fileRef = 8855A8DC08B779DF00B1396A;
			isa = PBXBuildFile;
			settings = {
			};
		};
		8855A8DF08B779DF00B1396A = {
			fileRef = 8855A8DD08B779DF00B1396A;
			isa = PBXBuildFile;
			settings = {
			};
		};
		8855A8E908B77BBB00B1396A = {
			fileEncoding = 30;
			isa = PBXFileReference;
			lastKnownFileType = sourcecode.c.h;
			name = config.h;
			path = /Users/jesse/src/sooperlooper/config.h;
			refType = 0;
			sourceTree = "<absolute>";
		};
		8855A8EA08B77BBB00B1396A = {
			fileRef = 8855A8E908B77BBB00B1396A;
			isa = PBXBuildFile;
			settings = {
			};
		};
		8855A90308B77EBD00B1396A = {
			fileEncoding = 30;
			isa = PBXFileReference;
			lastKnownFileType = sourcecode.cpp.cpp;
			name = transmitter.cc;
			path = /Users/jesse/src/sooperlooper/libs/pbd/transmitter.cc;
			refType = 0;
			sourceTree = "<absolute>";
		};
		8855A90408B77EBD00B1396A = {
			fileRef = 8855A90308B77EBD00B1396A;
			isa = PBXBuildFile;
			settings = {
			};
		};
		886245A408B8E4F3003959C6 = {
			isa = PBXFileReference;
			lastKnownFileType = wrapper.framework;
			name = AppKit.framework;
			path = /System/Library/Frameworks/AppKit.framework;
			refType = 0;
			sourceTree = "<absolute>";
		};
		886245A508B8E4F3003959C6 = {
			fileRef = 886245A408B8E4F3003959C6;
			isa = PBXBuildFile;
			settings = {
			};
		};
		8862462208B95927003959C6 = {
			fileEncoding = 4;
			isa = PBXFileReference;
			lastKnownFileType = sourcecode.c.h;
			path = SLproperties.h;
			refType = 4;
			sourceTree = "<group>";
		};
		8862462308B95927003959C6 = {
			fileRef = 8862462208B95927003959C6;
			isa = PBXBuildFile;
			settings = {
			};
		};
		888AC5500879C646001F80AD = {
			children = (
				8855A8E908B77BBB00B1396A,
				8855A8DC08B779DF00B1396A,
				8855A8DD08B779DF00B1396A,
				8855A8A208B779B800B1396A,
				8855A8A408B779B800B1396A,
				8855A8A508B779B800B1396A,
				8855A8A608B779B800B1396A,
				8855A8A708B779B800B1396A,
				8855A8A808B779B800B1396A,
				8855A8A908B779B800B1396A,
				8855A8AA08B779B800B1396A,
				8855A8AB08B779B800B1396A,
				8855A8AC08B779B800B1396A,
				8855A8AD08B779B800B1396A,
				8855A8AE08B779B800B1396A,
				8855A8B008B779B800B1396A,
				8855A8B108B779B800B1396A,
				8855A8B208B779B800B1396A,
				8855A8B308B779B800B1396A,
				8855A8B408B779B800B1396A,
				8855A8B508B779B800B1396A,
				8855A8B608B779B800B1396A,
				8855A8B708B779B800B1396A,
				8855A8B808B779B800B1396A,
				8855A8B908B779B800B1396A,
				8855A8BA08B779B800B1396A,
				8855A8BB08B779B800B1396A,
				8855A8BC08B779B800B1396A,
				8855A8BD08B779B800B1396A,
				8855A8BE08B779B800B1396A,
				8855A7CD08B777AC00B1396A,
				8855A7CC08B7779C00B1396A,
				888AC5520879C6C6001F80AD,
				888AC5510879C68A001F80AD,
			);
			isa = PBXGroup;
			name = SLSource;
			path = AUSource;
			refType = 4;
			sourceTree = "<group>";
		};
		888AC5510879C68A001F80AD = {
			fileEncoding = 30;
			isa = PBXFileReference;
			lastKnownFileType = sourcecode.cpp.h;
			name = audio_driver.hpp;
			path = /Users/jesse/src/sooperlooper/src/audio_driver.hpp;
			refType = 0;
			sourceTree = "<absolute>";
		};
		888AC5520879C6C6001F80AD = {
			fileEncoding = 30;
			isa = PBXFileReference;
			lastKnownFileType = sourcecode.cpp.cpp;
			name = jack_audio_driver.cpp;
			path = /Users/jesse/src/sooperlooper/src/jack_audio_driver.cpp;
			refType = 0;
			sourceTree = "<absolute>";
		};
		888AC6CC087E2B20001F80AD = {
			fileEncoding = 30;
			isa = PBXFileReference;
			lastKnownFileType = sourcecode.c.h;
			name = version.h;
			path = /Users/jesse/src/sooperlooper/version.h;
			refType = 0;
			sourceTree = "<absolute>";
		};
		888AC6CD087E2B20001F80AD = {
			fileRef = 888AC6CC087E2B20001F80AD;
			isa = PBXBuildFile;
			settings = {
			};
		};
		888AC6DA087E2C7C001F80AD = {
			isa = PBXFileReference;
			lastKnownFileType = wrapper.framework;
			name = Cocoa.framework;
			path = /System/Library/Frameworks/Cocoa.framework;
			refType = 0;
			sourceTree = "<absolute>";
		};
		888AC6DB087E2C7C001F80AD = {
			fileRef = 888AC6DA087E2C7C001F80AD;
			isa = PBXBuildFile;
			settings = {
			};
		};
//880
//881
//882
//883
//884
//8B0
//8B1
//8B2
//8B3
//8B4
		8B27DB55083B129900A18321 = {
			children = (
				8855A55B08B5732D00B1396A,
				8855A55C08B5732D00B1396A,
				8855A54F08B571B500B1396A,
				8855A55008B571B500B1396A,
				888AC6CC087E2B20001F80AD,
				8B43D4A9073C1138003F6C3C,
				8B43D4AA073C1138003F6C3C,
			);
			isa = PBXGroup;
			path = CarbonUI;
			refType = 4;
			sourceTree = "<group>";
		};
		8B4119230749635800361ABE = {
			fileRef = 8BA05A680720730100365D66;
			isa = PBXBuildFile;
			settings = {
			};
		};
		8B43D4A9073C1138003F6C3C = {
			explicitFileType = sourcecode.c.h;
			fileEncoding = 4;
			isa = PBXFileReference;
			path = SooperLooperAUView.h;
			refType = 4;
			sourceTree = "<group>";
		};
		8B43D4AA073C1138003F6C3C = {
			explicitFileType = sourcecode.cpp.objcpp;
			fileEncoding = 4;
			isa = PBXFileReference;
			path = SooperLooperAUView.mm;
			refType = 4;
			sourceTree = "<group>";
		};
		8B43D4AB073C1138003F6C3C = {
			fileRef = 8B43D4A9073C1138003F6C3C;
			isa = PBXBuildFile;
			settings = {
			};
		};
		8B43D4AC073C1138003F6C3C = {
			fileRef = 8B43D4AA073C1138003F6C3C;
			isa = PBXBuildFile;
			settings = {
			};
		};
		8B5C7F83076FB26000A15F61 = {
			isa = PBXFileReference;
			lastKnownFileType = wrapper.framework;
			name = CoreAudio.framework;
			path = /System/Library/Frameworks/CoreAudio.framework;
			refType = 0;
			sourceTree = "<absolute>";
		};
		8BA05A56072072A900365D66 = {
			children = (
				8862462208B95927003959C6,
				8BC6025B073B072D006C4272,
				8BA05A660720730100365D66,
				8BA05A670720730100365D66,
				8BA05A680720730100365D66,
				8BA05A690720730100365D66,
			);
			isa = PBXGroup;
			path = AUSource;
			refType = 4;
			sourceTree = "<group>";
		};
		8BA05A660720730100365D66 = {
			fileEncoding = 30;
			isa = PBXFileReference;
			lastKnownFileType = sourcecode.cpp.cpp;
			path = SooperLooperAU.cpp;
			refType = 4;
			sourceTree = "<group>";
		};
		8BA05A670720730100365D66 = {
			fileEncoding = 30;
			isa = PBXFileReference;
			lastKnownFileType = sourcecode.exports;
			path = SooperLooperAU.exp;
			refType = 4;
			sourceTree = "<group>";
		};
		8BA05A680720730100365D66 = {
			fileEncoding = 30;
			isa = PBXFileReference;
			lastKnownFileType = sourcecode.rez;
			path = SooperLooperAU.r;
			refType = 4;
			sourceTree = "<group>";
		};
		8BA05A690720730100365D66 = {
			fileEncoding = 30;
			isa = PBXFileReference;
			lastKnownFileType = sourcecode.c.h;
			path = SooperLooperAUVersion.h;
			refType = 4;
			sourceTree = "<group>";
		};
		8BA05A6B0720730100365D66 = {
			fileRef = 8BA05A660720730100365D66;
			isa = PBXBuildFile;
			settings = {
			};
		};
		8BA05A6E0720730100365D66 = {
			fileRef = 8BA05A690720730100365D66;
			isa = PBXBuildFile;
			settings = {
			};
		};
		8BA05A7D072073D200365D66 = {
			children = (
				8BA05A7E072073D200365D66,
				8BA05A8C072073D200365D66,
				8BA05A97072073D200365D66,
				8BA05A99072073D200365D66,
				8BA05AA6072073D200365D66,
			);
			isa = PBXGroup;
			name = AUPublic;
			path = /Developer/Examples/CoreAudio/AudioUnits/AUPublic;
			refType = 0;
			sourceTree = "<absolute>";
		};
		8BA05A7E072073D200365D66 = {
			children = (
				8BA05A7F072073D200365D66,
				8BA05A80072073D200365D66,
				8BA05A81072073D200365D66,
				8BA05A82072073D200365D66,
				8BA05A83072073D200365D66,
				8BA05A84072073D200365D66,
				8BA05A85072073D200365D66,
				8BA05A86072073D200365D66,
				8BA05A87072073D200365D66,
				8BA05A88072073D200365D66,
				8BA05A89072073D200365D66,
				8BA05A8A072073D200365D66,
				8BA05A8B072073D200365D66,
			);
			isa = PBXGroup;
			path = AUBase;
			refType = 4;
			sourceTree = "<group>";
		};
		8BA05A7F072073D200365D66 = {
			fileEncoding = 30;
			isa = PBXFileReference;
			lastKnownFileType = sourcecode.cpp.cpp;
			path = AUBase.cpp;
			refType = 4;
			sourceTree = "<group>";
		};
		8BA05A80072073D200365D66 = {
			fileEncoding = 30;
			isa = PBXFileReference;
			lastKnownFileType = sourcecode.c.h;
			path = AUBase.h;
			refType = 4;
			sourceTree = "<group>";
		};
		8BA05A81072073D200365D66 = {
			fileEncoding = 30;
			isa = PBXFileReference;
			lastKnownFileType = sourcecode.cpp.cpp;
			path = AUDispatch.cpp;
			refType = 4;
			sourceTree = "<group>";
		};
		8BA05A82072073D200365D66 = {
			fileEncoding = 30;
			isa = PBXFileReference;
			lastKnownFileType = sourcecode.c.h;
			path = AUDispatch.h;
			refType = 4;
			sourceTree = "<group>";
		};
		8BA05A83072073D200365D66 = {
			fileEncoding = 30;
			isa = PBXFileReference;
			lastKnownFileType = sourcecode.cpp.cpp;
			path = AUInputElement.cpp;
			refType = 4;
			sourceTree = "<group>";
		};
		8BA05A84072073D200365D66 = {
			fileEncoding = 30;
			isa = PBXFileReference;
			lastKnownFileType = sourcecode.c.h;
			path = AUInputElement.h;
			refType = 4;
			sourceTree = "<group>";
		};
		8BA05A85072073D200365D66 = {
			fileEncoding = 30;
			isa = PBXFileReference;
			lastKnownFileType = sourcecode.cpp.cpp;
			path = AUOutputElement.cpp;
			refType = 4;
			sourceTree = "<group>";
		};
		8BA05A86072073D200365D66 = {
			fileEncoding = 30;
			isa = PBXFileReference;
			lastKnownFileType = sourcecode.c.h;
			path = AUOutputElement.h;
			refType = 4;
			sourceTree = "<group>";
		};
		8BA05A87072073D200365D66 = {
			fileEncoding = 30;
			isa = PBXFileReference;
			lastKnownFileType = sourcecode.rez;
			path = AUResources.r;
			refType = 4;
			sourceTree = "<group>";
		};
		8BA05A88072073D200365D66 = {
			fileEncoding = 30;
			isa = PBXFileReference;
			lastKnownFileType = sourcecode.cpp.cpp;
			path = AUScopeElement.cpp;
			refType = 4;
			sourceTree = "<group>";
		};
		8BA05A89072073D200365D66 = {
			fileEncoding = 30;
			isa = PBXFileReference;
			lastKnownFileType = sourcecode.c.h;
			path = AUScopeElement.h;
			refType = 4;
			sourceTree = "<group>";
		};
		8BA05A8A072073D200365D66 = {
			fileEncoding = 30;
			isa = PBXFileReference;
			lastKnownFileType = sourcecode.cpp.cpp;
			path = ComponentBase.cpp;
			refType = 4;
			sourceTree = "<group>";
		};
		8BA05A8B072073D200365D66 = {
			fileEncoding = 30;
			isa = PBXFileReference;
			lastKnownFileType = sourcecode.c.h;
			path = ComponentBase.h;
			refType = 4;
			sourceTree = "<group>";
		};
		8BA05A8C072073D200365D66 = {
			children = (
				8BA05A8D072073D200365D66,
				8BA05A8E072073D200365D66,
				8BA05A8F072073D200365D66,
				8BA05A90072073D200365D66,
				8BA05A91072073D200365D66,
				8BA05A92072073D200365D66,
				8BA05A93072073D200365D66,
				8BA05A94072073D200365D66,
				8BA05A95072073D200365D66,
			);
			isa = PBXGroup;
			path = AUCarbonViewBase;
			refType = 4;
			sourceTree = "<group>";
		};
		8BA05A8D072073D200365D66 = {
			fileEncoding = 30;
			isa = PBXFileReference;
			lastKnownFileType = sourcecode.cpp.cpp;
			path = AUCarbonViewBase.cpp;
			refType = 4;
			sourceTree = "<group>";
		};
		8BA05A8E072073D200365D66 = {
			fileEncoding = 30;
			isa = PBXFileReference;
			lastKnownFileType = sourcecode.c.h;
			path = AUCarbonViewBase.h;
			refType = 4;
			sourceTree = "<group>";
		};
		8BA05A8F072073D200365D66 = {
			fileEncoding = 30;
			isa = PBXFileReference;
			lastKnownFileType = sourcecode.cpp.cpp;
			path = AUCarbonViewControl.cpp;
			refType = 4;
			sourceTree = "<group>";
		};
		8BA05A90072073D200365D66 = {
			fileEncoding = 30;
			isa = PBXFileReference;
			lastKnownFileType = sourcecode.c.h;
			path = AUCarbonViewControl.h;
			refType = 4;
			sourceTree = "<group>";
		};
		8BA05A91072073D200365D66 = {
			fileEncoding = 30;
			isa = PBXFileReference;
			lastKnownFileType = sourcecode.cpp.cpp;
			path = AUCarbonViewDispatch.cpp;
			refType = 4;
			sourceTree = "<group>";
		};
		8BA05A92072073D200365D66 = {
			fileEncoding = 30;
			isa = PBXFileReference;
			lastKnownFileType = sourcecode.cpp.cpp;
			path = AUControlGroup.cpp;
			refType = 4;
			sourceTree = "<group>";
		};
		8BA05A93072073D200365D66 = {
			fileEncoding = 30;
			isa = PBXFileReference;
			lastKnownFileType = sourcecode.c.h;
			path = AUControlGroup.h;
			refType = 4;
			sourceTree = "<group>";
		};
		8BA05A94072073D200365D66 = {
			fileEncoding = 30;
			isa = PBXFileReference;
			lastKnownFileType = sourcecode.cpp.cpp;
			path = CarbonEventHandler.cpp;
			refType = 4;
			sourceTree = "<group>";
		};
		8BA05A95072073D200365D66 = {
			fileEncoding = 30;
			isa = PBXFileReference;
			lastKnownFileType = sourcecode.c.h;
			path = CarbonEventHandler.h;
			refType = 4;
			sourceTree = "<group>";
		};
		8BA05A97072073D200365D66 = {
			children = (
				8BA05A98072073D200365D66,
			);
			isa = PBXGroup;
			path = AUViewBase;
			refType = 4;
			sourceTree = "<group>";
		};
		8BA05A98072073D200365D66 = {
			fileEncoding = 30;
			isa = PBXFileReference;
			lastKnownFileType = sourcecode.c.h;
			path = AUViewLocalizedStringKeys.h;
			refType = 4;
			sourceTree = "<group>";
		};
		8BA05A99072073D200365D66 = {
			children = (
				8BA05A9A072073D200365D66,
				8BA05A9B072073D200365D66,
				880FCF2A0878CA09004384B4,
				880FCF2B0878CA09004384B4,
				880FCF2C0878CA09004384B4,
				880FCF2D0878CA09004384B4,
			);
			isa = PBXGroup;
			path = OtherBases;
			refType = 4;
			sourceTree = "<group>";
		};
		8BA05A9A072073D200365D66 = {
			fileEncoding = 30;
			isa = PBXFileReference;
			lastKnownFileType = sourcecode.cpp.cpp;
			path = AUEffectBase.cpp;
			refType = 4;
			sourceTree = "<group>";
		};
		8BA05A9B072073D200365D66 = {
			fileEncoding = 30;
			isa = PBXFileReference;
			lastKnownFileType = sourcecode.c.h;
			path = AUEffectBase.h;
			refType = 4;
			sourceTree = "<group>";
		};
		8BA05AA6072073D200365D66 = {
			children = (
				8BA05AA7072073D200365D66,
				8BA05AA8072073D200365D66,
				8BA05AA9072073D200365D66,
				8BA05AAA072073D200365D66,
				8BA05AAB072073D200365D66,
				8BA05AAC072073D200365D66,
				8BA05AAD072073D200365D66,
			);
			isa = PBXGroup;
			path = Utility;
			refType = 4;
			sourceTree = "<group>";
		};
		8BA05AA7072073D200365D66 = {
			fileEncoding = 30;
			isa = PBXFileReference;
			lastKnownFileType = sourcecode.cpp.cpp;
			path = AUBuffer.cpp;
			refType = 4;
			sourceTree = "<group>";
		};
		8BA05AA8072073D200365D66 = {
			fileEncoding = 30;
			isa = PBXFileReference;
			lastKnownFileType = sourcecode.c.h;
			path = AUBuffer.h;
			refType = 4;
			sourceTree = "<group>";
		};
		8BA05AA9072073D200365D66 = {
			fileEncoding = 30;
			isa = PBXFileReference;
			lastKnownFileType = sourcecode.cpp.cpp;
			path = AUDebugDispatcher.cpp;
			refType = 4;
			sourceTree = "<group>";
		};
		8BA05AAA072073D200365D66 = {
			fileEncoding = 30;
			isa = PBXFileReference;
			lastKnownFileType = sourcecode.c.h;
			path = AUDebugDispatcher.h;
			refType = 4;
			sourceTree = "<group>";
		};
		8BA05AAB072073D200365D66 = {
			fileEncoding = 30;
			isa = PBXFileReference;
			lastKnownFileType = sourcecode.c.h;
			path = AUInputFormatConverter.h;
			refType = 4;
			sourceTree = "<group>";
		};
		8BA05AAC072073D200365D66 = {
			fileEncoding = 30;
			isa = PBXFileReference;
			lastKnownFileType = sourcecode.c.h;
			path = AUSilentTimeout.h;
			refType = 4;
			sourceTree = "<group>";
		};
		8BA05AAD072073D200365D66 = {
			fileEncoding = 30;
			isa = PBXFileReference;
			lastKnownFileType = sourcecode.c.h;
			path = AUTimestampGenerator.h;
			refType = 4;
			sourceTree = "<group>";
		};
		8BA05AAE072073D300365D66 = {
			fileRef = 8BA05A7F072073D200365D66;
			isa = PBXBuildFile;
			settings = {
			};
		};
		8BA05AAF072073D300365D66 = {
			fileRef = 8BA05A80072073D200365D66;
			isa = PBXBuildFile;
			settings = {
			};
		};
		8BA05AB0072073D300365D66 = {
			fileRef = 8BA05A81072073D200365D66;
			isa = PBXBuildFile;
			settings = {
			};
		};
		8BA05AB1072073D300365D66 = {
			fileRef = 8BA05A82072073D200365D66;
			isa = PBXBuildFile;
			settings = {
			};
		};
		8BA05AB2072073D300365D66 = {
			fileRef = 8BA05A83072073D200365D66;
			isa = PBXBuildFile;
			settings = {
			};
		};
		8BA05AB3072073D300365D66 = {
			fileRef = 8BA05A84072073D200365D66;
			isa = PBXBuildFile;
			settings = {
			};
		};
		8BA05AB4072073D300365D66 = {
			fileRef = 8BA05A85072073D200365D66;
			isa = PBXBuildFile;
			settings = {
			};
		};
		8BA05AB5072073D300365D66 = {
			fileRef = 8BA05A86072073D200365D66;
			isa = PBXBuildFile;
			settings = {
			};
		};
		8BA05AB7072073D300365D66 = {
			fileRef = 8BA05A88072073D200365D66;
			isa = PBXBuildFile;
			settings = {
			};
		};
		8BA05AB8072073D300365D66 = {
			fileRef = 8BA05A89072073D200365D66;
			isa = PBXBuildFile;
			settings = {
			};
		};
		8BA05AB9072073D300365D66 = {
			fileRef = 8BA05A8A072073D200365D66;
			isa = PBXBuildFile;
			settings = {
			};
		};
		8BA05ABA072073D300365D66 = {
			fileRef = 8BA05A8B072073D200365D66;
			isa = PBXBuildFile;
			settings = {
			};
		};
		8BA05ABB072073D300365D66 = {
			fileRef = 8BA05A8D072073D200365D66;
			isa = PBXBuildFile;
			settings = {
			};
		};
		8BA05ABC072073D300365D66 = {
			fileRef = 8BA05A8E072073D200365D66;
			isa = PBXBuildFile;
			settings = {
			};
		};
		8BA05ABD072073D300365D66 = {
			fileRef = 8BA05A8F072073D200365D66;
			isa = PBXBuildFile;
			settings = {
			};
		};
		8BA05ABE072073D300365D66 = {
			fileRef = 8BA05A90072073D200365D66;
			isa = PBXBuildFile;
			settings = {
			};
		};
		8BA05ABF072073D300365D66 = {
			fileRef = 8BA05A91072073D200365D66;
			isa = PBXBuildFile;
			settings = {
			};
		};
		8BA05AC0072073D300365D66 = {
			fileRef = 8BA05A92072073D200365D66;
			isa = PBXBuildFile;
			settings = {
			};
		};
		8BA05AC1072073D300365D66 = {
			fileRef = 8BA05A93072073D200365D66;
			isa = PBXBuildFile;
			settings = {
			};
		};
		8BA05AC2072073D300365D66 = {
			fileRef = 8BA05A94072073D200365D66;
			isa = PBXBuildFile;
			settings = {
			};
		};
		8BA05AC3072073D300365D66 = {
			fileRef = 8BA05A95072073D200365D66;
			isa = PBXBuildFile;
			settings = {
			};
		};
		8BA05AC5072073D300365D66 = {
			fileRef = 8BA05A98072073D200365D66;
			isa = PBXBuildFile;
			settings = {
			};
		};
		8BA05AC6072073D300365D66 = {
			fileRef = 8BA05A9A072073D200365D66;
			isa = PBXBuildFile;
			settings = {
			};
		};
		8BA05AC7072073D300365D66 = {
			fileRef = 8BA05A9B072073D200365D66;
			isa = PBXBuildFile;
			settings = {
			};
		};
		8BA05AD2072073D300365D66 = {
			fileRef = 8BA05AA7072073D200365D66;
			isa = PBXBuildFile;
			settings = {
			};
		};
		8BA05AD3072073D300365D66 = {
			fileRef = 8BA05AA8072073D200365D66;
			isa = PBXBuildFile;
			settings = {
			};
		};
		8BA05AD4072073D300365D66 = {
			fileRef = 8BA05AA9072073D200365D66;
			isa = PBXBuildFile;
			settings = {
			};
		};
		8BA05AD5072073D300365D66 = {
			fileRef = 8BA05AAA072073D200365D66;
			isa = PBXBuildFile;
			settings = {
			};
		};
		8BA05AD6072073D300365D66 = {
			fileRef = 8BA05AAB072073D200365D66;
			isa = PBXBuildFile;
			settings = {
			};
		};
		8BA05AD7072073D300365D66 = {
			fileRef = 8BA05AAC072073D200365D66;
			isa = PBXBuildFile;
			settings = {
			};
		};
		8BA05AD8072073D300365D66 = {
			fileRef = 8BA05AAD072073D200365D66;
			isa = PBXBuildFile;
			settings = {
			};
		};
		8BA05ADF0720742100365D66 = {
			fileEncoding = 30;
			isa = PBXFileReference;
			lastKnownFileType = sourcecode.cpp.cpp;
			name = CAAudioChannelLayout.cpp;
			path = /Developer/Examples/CoreAudio/PublicUtility/CAAudioChannelLayout.cpp;
			refType = 0;
			sourceTree = "<absolute>";
		};
		8BA05AE00720742100365D66 = {
			fileEncoding = 30;
			isa = PBXFileReference;
			lastKnownFileType = sourcecode.c.h;
			name = CAAudioChannelLayout.h;
			path = /Developer/Examples/CoreAudio/PublicUtility/CAAudioChannelLayout.h;
			refType = 0;
			sourceTree = "<absolute>";
		};
		8BA05AE10720742100365D66 = {
			fileEncoding = 30;
			isa = PBXFileReference;
			lastKnownFileType = sourcecode.cpp.cpp;
			name = CAMutex.cpp;
			path = /Developer/Examples/CoreAudio/PublicUtility/CAMutex.cpp;
			refType = 0;
			sourceTree = "<absolute>";
		};
		8BA05AE20720742100365D66 = {
			fileEncoding = 30;
			isa = PBXFileReference;
			lastKnownFileType = sourcecode.c.h;
			name = CAMutex.h;
			path = /Developer/Examples/CoreAudio/PublicUtility/CAMutex.h;
			refType = 0;
			sourceTree = "<absolute>";
		};
		8BA05AE30720742100365D66 = {
			fileEncoding = 30;
			isa = PBXFileReference;
			lastKnownFileType = sourcecode.cpp.cpp;
			name = CAStreamBasicDescription.cpp;
			path = /Developer/Examples/CoreAudio/PublicUtility/CAStreamBasicDescription.cpp;
			refType = 0;
			sourceTree = "<absolute>";
		};
		8BA05AE40720742100365D66 = {
			fileEncoding = 30;
			isa = PBXFileReference;
			lastKnownFileType = sourcecode.c.h;
			name = CAStreamBasicDescription.h;
			path = /Developer/Examples/CoreAudio/PublicUtility/CAStreamBasicDescription.h;
			refType = 0;
			sourceTree = "<absolute>";
		};
		8BA05AE50720742100365D66 = {
			fileRef = 8BA05ADF0720742100365D66;
			isa = PBXBuildFile;
			settings = {
			};
		};
		8BA05AE60720742100365D66 = {
			fileRef = 8BA05AE00720742100365D66;
			isa = PBXBuildFile;
			settings = {
			};
		};
		8BA05AE70720742100365D66 = {
			fileRef = 8BA05AE10720742100365D66;
			isa = PBXBuildFile;
			settings = {
			};
		};
		8BA05AE80720742100365D66 = {
			fileRef = 8BA05AE20720742100365D66;
			isa = PBXBuildFile;
			settings = {
			};
		};
		8BA05AE90720742100365D66 = {
			fileRef = 8BA05AE30720742100365D66;
			isa = PBXBuildFile;
			settings = {
			};
		};
		8BA05AEA0720742100365D66 = {
			fileRef = 8BA05AE40720742100365D66;
			isa = PBXBuildFile;
			settings = {
			};
		};
		8BA05AEB0720742700365D66 = {
			children = (
				8BA05B050720754400365D66,
				8BA05B060720754400365D66,
				8BA05ADF0720742100365D66,
				8BA05AE00720742100365D66,
				8BA05AE10720742100365D66,
				8BA05AE20720742100365D66,
				8BA05AE30720742100365D66,
				8BA05AE40720742100365D66,
			);
			isa = PBXGroup;
			name = "Public Utility";
			refType = 4;
			sourceTree = "<group>";
		};
		8BA05AF9072074E100365D66 = {
			isa = PBXFileReference;
			lastKnownFileType = wrapper.framework;
			name = AudioToolbox.framework;
			path = /System/Library/Frameworks/AudioToolbox.framework;
			refType = 0;
			sourceTree = "<absolute>";
		};
		8BA05AFA072074E100365D66 = {
			isa = PBXFileReference;
			lastKnownFileType = wrapper.framework;
			name = AudioUnit.framework;
			path = /System/Library/Frameworks/AudioUnit.framework;
			refType = 0;
			sourceTree = "<absolute>";
		};
		8BA05AFC072074E100365D66 = {
			fileRef = 8BA05AF9072074E100365D66;
			isa = PBXBuildFile;
			settings = {
			};
		};
		8BA05AFD072074E100365D66 = {
			fileRef = 8BA05AFA072074E100365D66;
			isa = PBXBuildFile;
			settings = {
			};
		};
		8BA05B01072074F900365D66 = {
			isa = PBXFileReference;
			lastKnownFileType = wrapper.framework;
			name = CoreServices.framework;
			path = /System/Library/Frameworks/CoreServices.framework;
			refType = 0;
			sourceTree = "<absolute>";
		};
		8BA05B02072074F900365D66 = {
			fileRef = 8BA05B01072074F900365D66;
			isa = PBXBuildFile;
			settings = {
			};
		};
		8BA05B050720754400365D66 = {
			fileEncoding = 30;
			isa = PBXFileReference;
			lastKnownFileType = sourcecode.cpp.cpp;
			name = CAAUParameter.cpp;
			path = /Developer/Examples/CoreAudio/PublicUtility/CAAUParameter.cpp;
			refType = 0;
			sourceTree = "<absolute>";
		};
		8BA05B060720754400365D66 = {
			fileEncoding = 30;
			isa = PBXFileReference;
			lastKnownFileType = sourcecode.c.h;
			name = CAAUParameter.h;
			path = /Developer/Examples/CoreAudio/PublicUtility/CAAUParameter.h;
			refType = 0;
			sourceTree = "<absolute>";
		};
		8BA05B070720754400365D66 = {
			fileRef = 8BA05B050720754400365D66;
			isa = PBXBuildFile;
			settings = {
			};
		};
		8BA05B080720754400365D66 = {
			fileRef = 8BA05B060720754400365D66;
			isa = PBXBuildFile;
			settings = {
			};
		};
		8BC6025B073B072D006C4272 = {
			fileEncoding = 30;
			isa = PBXFileReference;
			lastKnownFileType = sourcecode.c.h;
			path = SooperLooperAU.h;
			refType = 4;
			sourceTree = "<group>";
		};
		8BC6025C073B072D006C4272 = {
			fileRef = 8BC6025B073B072D006C4272;
			isa = PBXBuildFile;
			settings = {
			};
		};
//8B0
//8B1
//8B2
//8B3
//8B4
//8D0
//8D1
//8D2
//8D3
//8D4
		8D01CCC60486CAD60068D4B7 = {
			buildPhases = (
				8D01CCC70486CAD60068D4B7,
				8D01CCC90486CAD60068D4B7,
				8D01CCCB0486CAD60068D4B7,
				8D01CCCD0486CAD60068D4B7,
				8D01CCCF0486CAD60068D4B7,
			);
			buildRules = (
			);
			buildSettings = {
				DEPLOYMENT_LOCATION = NO;
				EXPORTED_SYMBOLS_FILE = Source/AUSource/SooperLooperAU.exp;
				FRAMEWORK_SEARCH_PATHS = "";
				GCC_ENABLE_TRIGRAPHS = NO;
				GCC_GENERATE_DEBUGGING_SYMBOLS = NO;
				GCC_PRECOMPILE_PREFIX_HEADER = YES;
				GCC_PREFIX_HEADER = Source/SooperLooperAU_Prefix.pch;
				GCC_WARN_ABOUT_MISSING_PROTOTYPES = NO;
				GCC_WARN_FOUR_CHARACTER_CONSTANTS = NO;
				GCC_WARN_UNKNOWN_PRAGMAS = NO;
				GENERATE_PKGINFO_FILE = YES;
				HEADER_SEARCH_PATHS = "../../libs/midi++ ../../libs/pbd ../../src /opt/local/include /usr/local/include/sigc++-1.2 /usr/local/lib/sigc++-1.2/include /opt/local/include/libxml2 /usr/local/include";
				INFOPLIST_FILE = Resources/Info.plist;
				INSTALL_PATH = "$(HOME)/Library/Audio/Plug-Ins/Components/";
				LIBRARY_SEARCH_PATHS = "../../libs/midi++ ../../libs/pbd ../../src /Users/jesse/src/sooperlooper/src /Users/jesse/src/sooperlooper/libs/pbd /Users/jesse/src/sooperlooper/libs/midi++ /usr/local/lib /opt/local/lib";
				LIBRARY_STYLE = Bundle;
				MACOSX_DEPLOYMENT_TARGET = "";
				OTHER_CFLAGS = "-D_FILE_OFFSET_BITS=64 -D_LARGE_FILES -DNO_GCC_PRAGMA  -DHAVE_STRCASECMP_IN_STRING_H -DHAVE_SAMPLERATE -DHAVE_SNDFILE";
				OTHER_LDFLAGS = "-bundle";
				OTHER_REZFLAGS = "-I /System/Library/Frameworks/CoreServices.framework/Frameworks/CarbonCore.framework/Versions/A/Headers -I /Developer/Examples/CoreAudio/AudioUnits/AUPublic/AUBase";
				PRODUCT_NAME = SooperLooperAU;
				REZ_SEARCH_PATHS = "/System/Library/Frameworks/CoreServices.framework/Frameworks/CarbonCore.framework/Versions/A/Headers /Developer/Examples/CoreAudio/AudioUnits/AUPublic/AUBase";
				SECTORDER_FLAGS = "";
				WARNING_CFLAGS = "-Wmost -Wno-four-char-constants -Wno-unknown-pragmas";
				WRAPPER_EXTENSION = component;
			};
			dependencies = (
			);
			isa = PBXNativeTarget;
			name = SooperLooperAU;
			productInstallPath = "$(HOME)/Library/Bundles";
			productName = SooperLooperAU;
			productReference = 8D01CCD20486CAD60068D4B7;
			productType = "com.apple.product-type.bundle";
		};
		8D01CCC70486CAD60068D4B7 = {
			buildActionMask = 2147483647;
			files = (
				8D01CCC80486CAD60068D4B7,
				8BA05A6E0720730100365D66,
				8BA05AAF072073D300365D66,
				8BA05AB1072073D300365D66,
				8BA05AB3072073D300365D66,
				8BA05AB5072073D300365D66,
				8BA05AB8072073D300365D66,
				8BA05ABA072073D300365D66,
				8BA05ABC072073D300365D66,
				8BA05ABE072073D300365D66,
				8BA05AC1072073D300365D66,
				8BA05AC3072073D300365D66,
				8BA05AC5072073D300365D66,
				8BA05AC7072073D300365D66,
				8BA05AD3072073D300365D66,
				8BA05AD5072073D300365D66,
				8BA05AD6072073D300365D66,
				8BA05AD7072073D300365D66,
				8BA05AD8072073D300365D66,
				8BA05AE60720742100365D66,
				8BA05AE80720742100365D66,
				8BA05AEA0720742100365D66,
				8BA05B080720754400365D66,
				8BC6025C073B072D006C4272,
				8B43D4AB073C1138003F6C3C,
				880FCF2F0878CA09004384B4,
				880FCF310878CA09004384B4,
				888AC6CD087E2B20001F80AD,
				8855A55108B571B500B1396A,
				8855A55D08B5732D00B1396A,
				8855A80308B7784D00B1396A,
				8855A80408B7784D00B1396A,
				8855A80508B7784D00B1396A,
				8855A80608B7784D00B1396A,
				8855A80708B7784D00B1396A,
				8855A80808B7784D00B1396A,
				8855A80C08B7784D00B1396A,
				8855A80D08B7784D00B1396A,
				8855A80E08B7784D00B1396A,
				8855A80F08B7784D00B1396A,
				8855A81008B7784D00B1396A,
				8855A81108B7784D00B1396A,
				8855A81208B7784D00B1396A,
				8855A81408B7784D00B1396A,
				8855A85C08B778D300B1396A,
				8855A86208B778D300B1396A,
				8855A86308B778D300B1396A,
				8855A86408B778D300B1396A,
				8855A86508B778D300B1396A,
				8855A86708B778D300B1396A,
				8855A86808B778D300B1396A,
				8855A86908B778D300B1396A,
				8855A86A08B778D300B1396A,
				8855A86B08B778D300B1396A,
				8855A86C08B778D300B1396A,
				8855A86D08B778D300B1396A,
				8855A86E08B778D300B1396A,
				8855A86F08B778D300B1396A,
				8855A87208B778D300B1396A,
				8855A87308B778D300B1396A,
				8855A87708B778D300B1396A,
				8855A87808B778D300B1396A,
				8855A87908B778D300B1396A,
				8855A87A08B778D300B1396A,
				8855A87B08B778D300B1396A,
				8855A87C08B778D300B1396A,
				8855A87D08B778D300B1396A,
				8855A87E08B778D300B1396A,
				8855A87F08B778D300B1396A,
				8855A88008B778D300B1396A,
				8855A88108B778D300B1396A,
				8855A88208B778D300B1396A,
				8855A88308B778D300B1396A,
				8855A88408B778D300B1396A,
				8855A88508B778D300B1396A,
				8855A88608B778D300B1396A,
				8855A88708B778D300B1396A,
				8855A88808B778D300B1396A,
				8855A88B08B778D300B1396A,
				8855A88C08B778D300B1396A,
				8855A88D08B778D300B1396A,
				8855A88E08B778D300B1396A,
				8855A88F08B778D300B1396A,
				8855A89008B778D300B1396A,
				8855A89108B778D300B1396A,
				8855A89208B778D300B1396A,
				8855A89308B778D300B1396A,
				8855A89408B778D300B1396A,
				8855A89508B778D300B1396A,
				8855A89608B778D300B1396A,
				8855A89708B778D300B1396A,
				8855A8A108B7792500B1396A,
				8855A8BF08B779B800B1396A,
				8855A8C208B779B800B1396A,
				8855A8C408B779B800B1396A,
				8855A8C608B779B800B1396A,
				8855A8C708B779B800B1396A,
				8855A8C908B779B800B1396A,
				8855A8CB08B779B800B1396A,
				8855A8CD08B779B800B1396A,
				8855A8CE08B779B800B1396A,
				8855A8D008B779B800B1396A,
				8855A8D208B779B800B1396A,
				8855A8D408B779B800B1396A,
				8855A8D608B779B800B1396A,
				8855A8D808B779B800B1396A,
				8855A8D908B779B800B1396A,
				8855A8DB08B779B800B1396A,
				8855A8DF08B779DF00B1396A,
				8855A8EA08B77BBB00B1396A,
				8862462308B95927003959C6,
			);
			isa = PBXHeadersBuildPhase;
			runOnlyForDeploymentPostprocessing = 0;
		};
		8D01CCC80486CAD60068D4B7 = {
			fileRef = 32BAE0B30371A71500C91783;
			isa = PBXBuildFile;
			settings = {
			};
		};
		8D01CCC90486CAD60068D4B7 = {
			buildActionMask = 2147483647;
			files = (
				8D01CCCA0486CAD60068D4B7,
				880FCEBC0877364D004384B4,
			);
			isa = PBXResourcesBuildPhase;
			runOnlyForDeploymentPostprocessing = 0;
		};
		8D01CCCA0486CAD60068D4B7 = {
			fileRef = 089C167DFE841241C02AAC07;
			isa = PBXBuildFile;
			settings = {
			};
		};
		8D01CCCB0486CAD60068D4B7 = {
			buildActionMask = 2147483647;
			files = (
				8BA05A6B0720730100365D66,
				8BA05AAE072073D300365D66,
				8BA05AB0072073D300365D66,
				8BA05AB2072073D300365D66,
				8BA05AB4072073D300365D66,
				8BA05AB7072073D300365D66,
				8BA05AB9072073D300365D66,
				8BA05ABB072073D300365D66,
				8BA05ABD072073D300365D66,
				8BA05ABF072073D300365D66,
				8BA05AC0072073D300365D66,
				8BA05AC2072073D300365D66,
				8BA05AC6072073D300365D66,
				8BA05AD2072073D300365D66,
				8BA05AD4072073D300365D66,
				8BA05AE50720742100365D66,
				8BA05AE70720742100365D66,
				8BA05AE90720742100365D66,
				8BA05B070720754400365D66,
				8B43D4AC073C1138003F6C3C,
				880FCF2E0878CA09004384B4,
				880FCF300878CA09004384B4,
				8855A55208B571B500B1396A,
				8855A55E08B5732D00B1396A,
				8855A7DD08B7782900B1396A,
				8855A7DE08B7782900B1396A,
				8855A7DF08B7782900B1396A,
				8855A7E008B7782900B1396A,
				8855A7E108B7782900B1396A,
				8855A7E208B7782900B1396A,
				8855A7E308B7782900B1396A,
				8855A7E408B7782900B1396A,
				8855A7E508B7782900B1396A,
				8855A7E608B7782900B1396A,
				8855A7E808B7782900B1396A,
				8855A7E908B7782900B1396A,
				8855A7EA08B7782900B1396A,
				8855A7EB08B7782900B1396A,
				8855A85B08B778D300B1396A,
				8855A85D08B778D300B1396A,
				8855A85E08B778D300B1396A,
				8855A85F08B778D300B1396A,
				8855A86008B778D300B1396A,
				8855A86108B778D300B1396A,
				8855A89808B778D300B1396A,
				8855A89908B778D300B1396A,
				8855A89A08B778D300B1396A,
				8855A89B08B778D300B1396A,
				8855A89C08B778D300B1396A,
				8855A89D08B778D300B1396A,
				8855A89E08B778D300B1396A,
				8855A89F08B778D300B1396A,
				8855A8C108B779B800B1396A,
				8855A8C308B779B800B1396A,
				8855A8C508B779B800B1396A,
				8855A8C808B779B800B1396A,
				8855A8CA08B779B800B1396A,
				8855A8CF08B779B800B1396A,
				8855A8D108B779B800B1396A,
				8855A8D308B779B800B1396A,
				8855A8D508B779B800B1396A,
				8855A8D708B779B800B1396A,
				8855A8DA08B779B800B1396A,
				8855A8DE08B779DF00B1396A,
				8855A90408B77EBD00B1396A,
			);
			isa = PBXSourcesBuildPhase;
			runOnlyForDeploymentPostprocessing = 0;
		};
		8D01CCCD0486CAD60068D4B7 = {
			buildActionMask = 2147483647;
			files = (
				8D01CCCE0486CAD60068D4B7,
				8BA05AFC072074E100365D66,
				8BA05AFD072074E100365D66,
				8BA05B02072074F900365D66,
				881934F30878E48B008C28C2,
				881934F90878E4F4008C28C2,
				881935010878E55F008C28C2,
				881935030878E594008C28C2,
				881935070878E5D0008C28C2,
				881935130878E75A008C28C2,
				881935150878E77D008C28C2,
				881935190878E7A0008C28C2,
				8819351B0878E7CA008C28C2,
				888AC6DB087E2C7C001F80AD,
				8855A6F608B59DE600B1396A,
				886245A508B8E4F3003959C6,
			);
			isa = PBXFrameworksBuildPhase;
			runOnlyForDeploymentPostprocessing = 0;
		};
		8D01CCCE0486CAD60068D4B7 = {
			fileRef = 08EA7FFBFE8413EDC02AAC07;
			isa = PBXBuildFile;
			settings = {
			};
		};
		8D01CCCF0486CAD60068D4B7 = {
			buildActionMask = 2147483647;
			files = (
				8B4119230749635800361ABE,
			);
			isa = PBXRezBuildPhase;
			runOnlyForDeploymentPostprocessing = 0;
		};
		8D01CCD10486CAD60068D4B7 = {
			fileEncoding = 4;
			isa = PBXFileReference;
			lastKnownFileType = text.plist;
			path = Info.plist;
			refType = 4;
			sourceTree = "<group>";
		};
		8D01CCD20486CAD60068D4B7 = {
			explicitFileType = wrapper.cfbundle;
			includeInIndex = 0;
			isa = PBXFileReference;
			path = SooperLooperAU.component;
			refType = 3;
			sourceTree = BUILT_PRODUCTS_DIR;
		};
	};
	rootObject = 089C1669FE841209C02AAC07;
}
